{
  "object": {
    "pins": [
      {
        "package": "AppLovinSDK",
        "repositoryURL": "https://github.com/AppLovin/AppLovin-MAX-Swift-Package.git",
        "state": {
          "branch": null,
          "revision": "d829feb5b7de8755e9a1834c2e1e0b95c9126424",
          "version": "13.6.2"
        }
      },
      {
        "package": "PrebidMobile",
        "repositoryURL": "https://github.com/prebid/prebid-mobile-ios.git",
        "state": {
          "branch": null,
          "revision": "0c276ce9590ffe365d949217ddd51aeb4441a61a",
          "version": "3.3.0"
        }
      },
      {
        "package": "GoogleMobileAds",
        "repositoryURL": "https://github.com/googleads/swift-package-manager-google-mobile-ads.git",
        "state": {
          "branch": null,
          "revision": "8d08e4396ea955a7d2baf067c0eedfc34ca0821d",
          "version": "13.2.0"
        }
      },
      {
        "package": "GoogleUserMessagingPlatform",
        "repositoryURL": "https://github.com/googleads/swift-package-manager-google-user-messaging-platform.git",
        "state": {
          "branch": null,
          "revision": "13b248eaa73b7826f0efb1bcf455e251d65ecb1b",
          "version": "3.1.0"
        }
      }
    ]
  },
  "version": 1
}
