{
  "object": {
    "pins": [
      {
        "package": "AppLovinSDK",
        "repositoryURL": "https://github.com/AppLovin/AppLovin-MAX-Swift-Package.git",
        "state": {
          "branch": null,
          "revision": "e662cd201df1da33f989766267283e9b40f7a432",
          "version": "12.3.1"
        }
      },
      {
        "package": "GoogleMobileAds",
        "repositoryURL": "https://github.com/googleads/swift-package-manager-google-mobile-ads.git",
        "state": {
          "branch": null,
          "revision": "5ff977255c2ba5844e7e9da779f1f2a5a00e0028",
          "version": "11.2.0"
        }
      },
      {
        "package": "GoogleUserMessagingPlatform",
        "repositoryURL": "https://github.com/googleads/swift-package-manager-google-user-messaging-platform.git",
        "state": {
          "branch": null,
          "revision": "3b924ce3313a5fd2fc6a8dc889a8c38f76890fe3",
          "version": "2.0.0"
        }
      }
    ]
  },
  "version": 1
}
