PODS:
  - AppLovinSDK (11.1.1)
  - Google-Mobile-Ads-SDK (9.0.0):
    - GoogleAppMeasurement (< 9.0, >= 7.0)
    - GoogleUserMessagingPlatform (>= 1.1)
  - GoogleAppMeasurement (8.11.0):
    - GoogleAppMeasurement/AdIdSupport (= 8.11.0)
    - GoogleUtilities/AppDelegateSwizzler (~> 7.7)
    - GoogleUtilities/MethodSwizzler (~> 7.7)
    - GoogleUtilities/Network (~> 7.7)
    - "GoogleUtilities/NSData+zlib (~> 7.7)"
    - nanopb (~> 2.30908.0)
  - GoogleAppMeasurement/AdIdSupport (8.11.0):
    - GoogleAppMeasurement/WithoutAdIdSupport (= 8.11.0)
    - GoogleUtilities/AppDelegateSwizzler (~> 7.7)
    - GoogleUtilities/MethodSwizzler (~> 7.7)
    - GoogleUtilities/Network (~> 7.7)
    - "GoogleUtilities/NSData+zlib (~> 7.7)"
    - nanopb (~> 2.30908.0)
  - GoogleAppMeasurement/WithoutAdIdSupport (8.11.0):
    - GoogleUtilities/AppDelegateSwizzler (~> 7.7)
    - GoogleUtilities/MethodSwizzler (~> 7.7)
    - GoogleUtilities/Network (~> 7.7)
    - "GoogleUtilities/NSData+zlib (~> 7.7)"
    - nanopb (~> 2.30908.0)
  - GoogleUserMessagingPlatform (2.0.0)
  - GoogleUtilities/AppDelegateSwizzler (7.7.0):
    - GoogleUtilities/Environment
    - GoogleUtilities/Logger
    - GoogleUtilities/Network
  - GoogleUtilities/Environment (7.7.0):
    - PromisesObjC (< 3.0, >= 1.2)
  - GoogleUtilities/Logger (7.7.0):
    - GoogleUtilities/Environment
  - GoogleUtilities/MethodSwizzler (7.7.0):
    - GoogleUtilities/Logger
  - GoogleUtilities/Network (7.7.0):
    - GoogleUtilities/Logger
    - "GoogleUtilities/NSData+zlib"
    - GoogleUtilities/Reachability
  - "GoogleUtilities/NSData+zlib (7.7.0)"
  - GoogleUtilities/Reachability (7.7.0):
    - GoogleUtilities/Logger
  - mopub-ios-sdk (5.18.2):
    - mopub-ios-sdk/MoPubSDK (= 5.18.2)
  - mopub-ios-sdk/Core (5.18.2)
  - mopub-ios-sdk/MoPubSDK (5.18.2):
    - mopub-ios-sdk/Core
    - mopub-ios-sdk/NativeAds
  - mopub-ios-sdk/NativeAds (5.18.2):
    - mopub-ios-sdk/Core
  - nanopb (2.30908.0):
    - nanopb/decode (= 2.30908.0)
    - nanopb/encode (= 2.30908.0)
  - nanopb/decode (2.30908.0)
  - nanopb/encode (2.30908.0)
  - PromisesObjC (2.0.0)
  - Smart-Core-SDK (7.16.0)
  - Smart-Display-SDK (7.15.0):
    - Smart-Core-SDK (~> 7.15)
  - TeadsAdMobAdapter (5.0.10):
    - Google-Mobile-Ads-SDK (>= 8.0)
    - TeadsSDK (= 5.0.10)
  - TeadsAppLovinAdapter (5.0.10):
    - AppLovinSDK (>= 11.1.1)
    - TeadsSDK (= 5.0.10)
  - TeadsMoPubAdapter (5.0.10):
    - mopub-ios-sdk (>= 5.13)
    - TeadsSDK (= 5.0.10)
  - TeadsSASAdapter (5.0.10):
    - Smart-Display-SDK (>= 7.6.2)
    - TeadsSDK (= 5.0.10)
  - TeadsSDK (5.0.10):
    - TeadsSDK/Core (= 5.0.10)
  - TeadsSDK/Core (5.0.10)

DEPENDENCIES:
  - TeadsAdMobAdapter (~> 5.0)
  - TeadsAppLovinAdapter (from `./`)
  - TeadsMoPubAdapter (~> 5.0)
  - TeadsSASAdapter (~> 5.0)
  - TeadsSDK (~> 5.0)

SPEC REPOS:
  trunk:
    - AppLovinSDK
    - Google-Mobile-Ads-SDK
    - GoogleAppMeasurement
    - GoogleUserMessagingPlatform
    - GoogleUtilities
    - mopub-ios-sdk
    - nanopb
    - PromisesObjC
    - Smart-Core-SDK
    - Smart-Display-SDK
    - TeadsAdMobAdapter
    - TeadsMoPubAdapter
    - TeadsSASAdapter
    - TeadsSDK

EXTERNAL SOURCES:
  TeadsAppLovinAdapter:
    :path: "./"

SPEC CHECKSUMS:
  AppLovinSDK: a418677708090e2116e9080c3ca46cc81df7b8de
  Google-Mobile-Ads-SDK: d6ff7e6a7e46a76eb91af814d16d040197606afc
  GoogleAppMeasurement: aa3cb422fab2b05d2efac543a5720d1a85b9dea5
  GoogleUserMessagingPlatform: ab890ce5f6620f293a21b6bdd82e416a2c73aeca
  GoogleUtilities: e0913149f6b0625b553d70dae12b49fc62914fd1
  mopub-ios-sdk: 39dd404dc791e543979b91aa8e3b27197af91377
  nanopb: a0ba3315591a9ae0a16a309ee504766e90db0c96
  PromisesObjC: 68159ce6952d93e17b2dfe273b8c40907db5ba58
  Smart-Core-SDK: 6eb61082ec48ad48cf416708487b1ad3c25770cc
  Smart-Display-SDK: 33f0325dfb1bf93256942e6e545322aad8a64842
  TeadsAdMobAdapter: c7110f4568185364ecba302b1eefb86145a9c8d3
  TeadsAppLovinAdapter: 7269757b5154af435469490f9889a7e63170d17f
  TeadsMoPubAdapter: 5f7c0470ee09d4dc42153de705400b8f3a894ddc
  TeadsSASAdapter: d1ff4f7b883628f5bb26a401443f2a57870918a3
  TeadsSDK: a6d99fcfc49ed0d4ae5715bc50149ecd83ce8f25

PODFILE CHECKSUM: ecefa31ea95174d94bf6e4cc29c8afcf0409c1e8

COCOAPODS: 1.11.2
