PODS:
  - AppLovinSDK (11.3.3)
  - Google-Mobile-Ads-SDK (9.3.0):
    - GoogleAppMeasurement (< 9.0, >= 7.0)
    - GoogleUserMessagingPlatform (>= 1.1)
  - GoogleAppMeasurement (8.15.0):
    - GoogleAppMeasurement/AdIdSupport (= 8.15.0)
    - GoogleUtilities/AppDelegateSwizzler (~> 7.7)
    - GoogleUtilities/MethodSwizzler (~> 7.7)
    - GoogleUtilities/Network (~> 7.7)
    - "GoogleUtilities/NSData+zlib (~> 7.7)"
    - nanopb (~> 2.30908.0)
  - GoogleAppMeasurement/AdIdSupport (8.15.0):
    - GoogleAppMeasurement/WithoutAdIdSupport (= 8.15.0)
    - GoogleUtilities/AppDelegateSwizzler (~> 7.7)
    - GoogleUtilities/MethodSwizzler (~> 7.7)
    - GoogleUtilities/Network (~> 7.7)
    - "GoogleUtilities/NSData+zlib (~> 7.7)"
    - nanopb (~> 2.30908.0)
  - GoogleAppMeasurement/WithoutAdIdSupport (8.15.0):
    - GoogleUtilities/AppDelegateSwizzler (~> 7.7)
    - GoogleUtilities/MethodSwizzler (~> 7.7)
    - GoogleUtilities/Network (~> 7.7)
    - "GoogleUtilities/NSData+zlib (~> 7.7)"
    - nanopb (~> 2.30908.0)
  - GoogleUserMessagingPlatform (2.0.0)
  - GoogleUtilities/AppDelegateSwizzler (7.7.0):
    - GoogleUtilities/Environment
    - GoogleUtilities/Logger
    - GoogleUtilities/Network
  - GoogleUtilities/Environment (7.7.0):
    - PromisesObjC (< 3.0, >= 1.2)
  - GoogleUtilities/Logger (7.7.0):
    - GoogleUtilities/Environment
  - GoogleUtilities/MethodSwizzler (7.7.0):
    - GoogleUtilities/Logger
  - GoogleUtilities/Network (7.7.0):
    - GoogleUtilities/Logger
    - "GoogleUtilities/NSData+zlib"
    - GoogleUtilities/Reachability
  - "GoogleUtilities/NSData+zlib (7.7.0)"
  - GoogleUtilities/Reachability (7.7.0):
    - GoogleUtilities/Logger
  - nanopb (2.30908.0):
    - nanopb/decode (= 2.30908.0)
    - nanopb/encode (= 2.30908.0)
  - nanopb/decode (2.30908.0)
  - nanopb/encode (2.30908.0)
  - PromisesObjC (2.1.0)
  - Smart-Core-SDK (7.17.0)
  - Smart-Display-SDK (7.17.0):
    - Smart-Core-SDK (~> 7.17)
  - SwiftFormat/CLI (0.49.7)
  - TeadsAdMobAdapter (5.0.14):
    - Google-Mobile-Ads-SDK (>= 8.0)
    - TeadsSDK (= 5.0.14)
  - TeadsAppLovinAdapter (5.0.14):
    - AppLovinSDK (>= 11.1.1)
    - TeadsSDK (= 5.0.14)
  - TeadsSASAdapter (5.0.14):
    - Smart-Display-SDK (>= 7.6.2)
    - TeadsSDK (= 5.0.14)
  - TeadsSDK (5.0.14):
    - TeadsSDK/Core (= 5.0.14)
  - TeadsSDK/Core (5.0.14)

DEPENDENCIES:
  - SwiftFormat/CLI
  - TeadsAdMobAdapter (~> 5.0.14)
  - TeadsAppLovinAdapter (~> 5.0.14)
  - TeadsSASAdapter (~> 5.0.14)
  - TeadsSDK (~> 5.0.14)

SPEC REPOS:
  trunk:
    - AppLovinSDK
    - Google-Mobile-Ads-SDK
    - GoogleAppMeasurement
    - GoogleUserMessagingPlatform
    - GoogleUtilities
    - nanopb
    - PromisesObjC
    - Smart-Core-SDK
    - Smart-Display-SDK
    - SwiftFormat
    - TeadsAdMobAdapter
    - TeadsAppLovinAdapter
    - TeadsSASAdapter
    - TeadsSDK

SPEC CHECKSUMS:
  AppLovinSDK: 6ed446d284d8852520a786ad5a91796f1730c3f3
  Google-Mobile-Ads-SDK: 2c8ad48ccc3839a5927f7d7c51505a7cd4f0b672
  GoogleAppMeasurement: 4c19f031220c72464d460c9daa1fb5d1acce958e
  GoogleUserMessagingPlatform: ab890ce5f6620f293a21b6bdd82e416a2c73aeca
  GoogleUtilities: e0913149f6b0625b553d70dae12b49fc62914fd1
  nanopb: a0ba3315591a9ae0a16a309ee504766e90db0c96
  PromisesObjC: 99b6f43f9e1044bd87a95a60beff28c2c44ddb72
  Smart-Core-SDK: 2f7ace8d71315cb2d864ada9c756f2d1d36d5c11
  Smart-Display-SDK: bdd450cda22cbcd0e3552c43ee6eeaf82c5df19d
  SwiftFormat: b70e3c776a74c67ce8bd140425a8c86d4a843759
  TeadsAdMobAdapter: 6f4a3b02dd4381282214a2bbfa3a3d98ab7dcc83
  TeadsAppLovinAdapter: 892c4b8c958b0192d5c8699b2e71af745864369a
  TeadsSASAdapter: 335f1c240ab64a5bd11778118e33c0e1d7001882
  TeadsSDK: 67a71c8b7376425c954cf044d334357ba7b71629

PODFILE CHECKSUM: 719e8838e9e7e770c0243e8e4288305f17105ac1

COCOAPODS: 1.11.2
