// !$*UTF8*$!
{
	archiveVersion = 1;
	classes = {
	};
	objectVersion = 48;
	objects = {

/* Begin PBXBuildFile section */
		40077B432534AABF00D53197 /* InReadDirectCollectionViewController.swift in Sources */ = {isa = PBXBuildFile; fileRef = 40077B422534AABF00D53197 /* InReadDirectCollectionViewController.swift */; };
		4079F243252CBE7F00B0AC31 /* ColorExtension.swift in Sources */ = {isa = PBXBuildFile; fileRef = 4079F242252CBE7F00B0AC31 /* ColorExtension.swift */; };
		4079F253252CC1EF00B0AC31 /* RootViewController.swift in Sources */ = {isa = PBXBuildFile; fileRef = 4079F252252CC1EF00B0AC31 /* RootViewController.swift */; };
		4079F256252CC7ED00B0AC31 /* RootHeaderTableViewCell.swift in Sources */ = {isa = PBXBuildFile; fileRef = 4079F255252CC7ED00B0AC31 /* RootHeaderTableViewCell.swift */; };
		4079F259252CC7FE00B0AC31 /* RootSegmentedControlsTableViewCell.swift in Sources */ = {isa = PBXBuildFile; fileRef = 4079F258252CC7FE00B0AC31 /* RootSegmentedControlsTableViewCell.swift */; };
		4079F25C252CC82400B0AC31 /* RootButtonIconLabelTableViewCell.swift in Sources */ = {isa = PBXBuildFile; fileRef = 4079F25B252CC82400B0AC31 /* RootButtonIconLabelTableViewCell.swift */; };
		4079F25F252CC92000B0AC31 /* ImageLabelButtonView.swift in Sources */ = {isa = PBXBuildFile; fileRef = 4079F25E252CC92000B0AC31 /* ImageLabelButtonView.swift */; };
		40D28A27253853710031A64D /* InReadAdmobTableViewController.swift in Sources */ = {isa = PBXBuildFile; fileRef = 40D28A26253853710031A64D /* InReadAdmobTableViewController.swift */; };
		40D28A47253883F80031A64D /* SyncWebViewAdView.swift in Sources */ = {isa = PBXBuildFile; fileRef = 40D28A46253883F80031A64D /* SyncWebViewAdView.swift */; };
		40DCC3C925306FA00012407C /* Format.swift in Sources */ = {isa = PBXBuildFile; fileRef = 40DCC3C825306FA00012407C /* Format.swift */; };
		B501EC721F823541002909B9 /* InReadDirectWebViewController.swift in Sources */ = {isa = PBXBuildFile; fileRef = B501EC711F823541002909B9 /* InReadDirectWebViewController.swift */; };
		B501EC791F823F6C002909B9 /* WebViewHelper.swift in Sources */ = {isa = PBXBuildFile; fileRef = B501EC771F823BA8002909B9 /* WebViewHelper.swift */; };
		B501EC7C1F823F8A002909B9 /* index.html in Resources */ = {isa = PBXBuildFile; fileRef = B501EC6B1F8232B3002909B9 /* index.html */; };
		B502B9F01F826842008257EC /* bootstrap.js in Resources */ = {isa = PBXBuildFile; fileRef = B501EC751F823BA8002909B9 /* bootstrap.js */; };
		B502BA131F827D5C008257EC /* InReadDirectTableViewController.swift in Sources */ = {isa = PBXBuildFile; fileRef = B502BA121F827D5C008257EC /* InReadDirectTableViewController.swift */; };
		B502BA191F836D3E008257EC /* WebViewEmbededInScrollViewController.swift in Sources */ = {isa = PBXBuildFile; fileRef = B502BA181F836D3E008257EC /* WebViewEmbededInScrollViewController.swift */; };
		B50425D0252E078B00ABF07D /* String.swift in Sources */ = {isa = PBXBuildFile; fileRef = B50425CF252E078B00ABF07D /* String.swift */; };
		B50425D3252E134E00ABF07D /* FakeArticleView.swift in Sources */ = {isa = PBXBuildFile; fileRef = B50425D2252E134E00ABF07D /* FakeArticleView.swift */; };
		B50425F5252F436000ABF07D /* coffeeDesk2.png in Resources */ = {isa = PBXBuildFile; fileRef = B50425F3252F436000ABF07D /* coffeeDesk2.png */; };
		B50425F6252F436000ABF07D /* demo.html in Resources */ = {isa = PBXBuildFile; fileRef = B50425F4252F436000ABF07D /* demo.html */; };
		B50425F9252F67C200ABF07D /* TeadsGradientImageView.swift in Sources */ = {isa = PBXBuildFile; fileRef = B50425F8252F67C200ABF07D /* TeadsGradientImageView.swift */; };
		B504260B25305A1E00ABF07D /* Utils.swift in Sources */ = {isa = PBXBuildFile; fileRef = B504260A25305A1E00ABF07D /* Utils.swift */; };
		B50C184922CCDC65004F2360 /* InReadAdmobWebViewController.swift in Sources */ = {isa = PBXBuildFile; fileRef = B50C184822CCDC65004F2360 /* InReadAdmobWebViewController.swift */; };
		B52842262213284A00025E97 /* SyncWebViewTFInReadAdView.swift in Sources */ = {isa = PBXBuildFile; fileRef = B52842252213284A00025E97 /* SyncWebViewTFInReadAdView.swift */; };
		B5555A361F7CDF80007406D4 /* AppDelegate.swift in Sources */ = {isa = PBXBuildFile; fileRef = B5555A351F7CDF80007406D4 /* AppDelegate.swift */; };
		B5555A3B1F7CDF80007406D4 /* Main.storyboard in Resources */ = {isa = PBXBuildFile; fileRef = B5555A391F7CDF80007406D4 /* Main.storyboard */; };
		B5555A3D1F7CDF80007406D4 /* Assets.xcassets in Resources */ = {isa = PBXBuildFile; fileRef = B5555A3C1F7CDF80007406D4 /* Assets.xcassets */; };
		B5555A401F7CDF80007406D4 /* LaunchScreen.storyboard in Resources */ = {isa = PBXBuildFile; fileRef = B5555A3E1F7CDF80007406D4 /* LaunchScreen.storyboard */; };
		B5555A491F7CE4C7007406D4 /* DemoTableViewCell.swift in Sources */ = {isa = PBXBuildFile; fileRef = B5555A471F7CE4C7007406D4 /* DemoTableViewCell.swift */; };
		B5555A4E1F7D3177007406D4 /* InReadDirectScrollViewController.swift in Sources */ = {isa = PBXBuildFile; fileRef = B5555A4D1F7D3177007406D4 /* InReadDirectScrollViewController.swift */; };
		B56102971F83B5C200E59C76 /* WebViewEmbededTableViewController.swift in Sources */ = {isa = PBXBuildFile; fileRef = B56102961F83B5C200E59C76 /* WebViewEmbededTableViewController.swift */; };
		B561029C1F83C18400E59C76 /* WebViewTableViewCell.swift in Sources */ = {isa = PBXBuildFile; fileRef = B561029B1F83C18400E59C76 /* WebViewTableViewCell.swift */; };
		B561029F1F84C3DD00E59C76 /* WebViewEmbededCollectionViewController.swift in Sources */ = {isa = PBXBuildFile; fileRef = B561029E1F84C3DD00E59C76 /* WebViewEmbededCollectionViewController.swift */; };
		B56102A21F84D24400E59C76 /* RandomCollectionViewCell.swift in Sources */ = {isa = PBXBuildFile; fileRef = B56102A11F84D24400E59C76 /* RandomCollectionViewCell.swift */; };
		B56102A41F84DB3000E59C76 /* TeadsAdEmbededCollectionViewCell.swift in Sources */ = {isa = PBXBuildFile; fileRef = B56102A31F84DB3000E59C76 /* TeadsAdEmbededCollectionViewCell.swift */; };
		B56102A91F853B0000E59C76 /* InReadTopViewController.swift in Sources */ = {isa = PBXBuildFile; fileRef = B56102A81F853B0000E59C76 /* InReadTopViewController.swift */; };
		B57FB1EB1FC5D5C600609036 /* images.xcassets in Resources */ = {isa = PBXBuildFile; fileRef = B57FB1EA1FC5D5C600609036 /* images.xcassets */; };
		B57FB1F11FC5E21F00609036 /* PidTableViewCell.swift in Sources */ = {isa = PBXBuildFile; fileRef = B57FB1F01FC5E21F00609036 /* PidTableViewCell.swift */; };
		B5CF15BF252DC47000B12F83 /* TeadsArticleViewController.swift in Sources */ = {isa = PBXBuildFile; fileRef = B5CF15BE252DC47000B12F83 /* TeadsArticleViewController.swift */; };
		B5D8037924E3E6C800C0AAF6 /* MoPubController.swift in Sources */ = {isa = PBXBuildFile; fileRef = B5D8037824E3E6C800C0AAF6 /* MoPubController.swift */; };
		D822AE1F658F3E8B193836D6 /* Pods_TeadsDemoApp.framework in Frameworks */ = {isa = PBXBuildFile; fileRef = 3A00B2DB925EAF9FCC9B791B /* Pods_TeadsDemoApp.framework */; };
		DB4660DC2181B865003A6CF5 /* AdMobController.swift in Sources */ = {isa = PBXBuildFile; fileRef = DB4660DB2181B865003A6CF5 /* AdMobController.swift */; };
/* End PBXBuildFile section */

/* Begin PBXFileReference section */
		3A00B2DB925EAF9FCC9B791B /* Pods_TeadsDemoApp.framework */ = {isa = PBXFileReference; explicitFileType = wrapper.framework; includeInIndex = 0; path = Pods_TeadsDemoApp.framework; sourceTree = BUILT_PRODUCTS_DIR; };
		40077B422534AABF00D53197 /* InReadDirectCollectionViewController.swift */ = {isa = PBXFileReference; lastKnownFileType = sourcecode.swift; path = InReadDirectCollectionViewController.swift; sourceTree = "<group>"; };
		4079F242252CBE7F00B0AC31 /* ColorExtension.swift */ = {isa = PBXFileReference; lastKnownFileType = sourcecode.swift; path = ColorExtension.swift; sourceTree = "<group>"; };
		4079F252252CC1EF00B0AC31 /* RootViewController.swift */ = {isa = PBXFileReference; lastKnownFileType = sourcecode.swift; path = RootViewController.swift; sourceTree = "<group>"; };
		4079F255252CC7ED00B0AC31 /* RootHeaderTableViewCell.swift */ = {isa = PBXFileReference; lastKnownFileType = sourcecode.swift; path = RootHeaderTableViewCell.swift; sourceTree = "<group>"; };
		4079F258252CC7FE00B0AC31 /* RootSegmentedControlsTableViewCell.swift */ = {isa = PBXFileReference; lastKnownFileType = sourcecode.swift; path = RootSegmentedControlsTableViewCell.swift; sourceTree = "<group>"; };
		4079F25B252CC82400B0AC31 /* RootButtonIconLabelTableViewCell.swift */ = {isa = PBXFileReference; lastKnownFileType = sourcecode.swift; path = RootButtonIconLabelTableViewCell.swift; sourceTree = "<group>"; };
		4079F25E252CC92000B0AC31 /* ImageLabelButtonView.swift */ = {isa = PBXFileReference; lastKnownFileType = sourcecode.swift; path = ImageLabelButtonView.swift; sourceTree = "<group>"; };
		40D28A26253853710031A64D /* InReadAdmobTableViewController.swift */ = {isa = PBXFileReference; lastKnownFileType = sourcecode.swift; path = InReadAdmobTableViewController.swift; sourceTree = "<group>"; };
		40D28A46253883F80031A64D /* SyncWebViewAdView.swift */ = {isa = PBXFileReference; fileEncoding = 4; lastKnownFileType = sourcecode.swift; path = SyncWebViewAdView.swift; sourceTree = "<group>"; };
		40DCC3C825306FA00012407C /* Format.swift */ = {isa = PBXFileReference; lastKnownFileType = sourcecode.swift; path = Format.swift; sourceTree = "<group>"; };
		4F34C10021C20FBD3897D8B9 /* Pods-TeadsDemoApp.release.xcconfig */ = {isa = PBXFileReference; includeInIndex = 1; lastKnownFileType = text.xcconfig; name = "Pods-TeadsDemoApp.release.xcconfig"; path = "Target Support Files/Pods-TeadsDemoApp/Pods-TeadsDemoApp.release.xcconfig"; sourceTree = "<group>"; };
		9049E99B853FFD3E844A5506 /* Pods-TeadsDemoApp.debug.xcconfig */ = {isa = PBXFileReference; includeInIndex = 1; lastKnownFileType = text.xcconfig; name = "Pods-TeadsDemoApp.debug.xcconfig"; path = "Target Support Files/Pods-TeadsDemoApp/Pods-TeadsDemoApp.debug.xcconfig"; sourceTree = "<group>"; };
		B501EC6A1F8232B3002909B9 /* ie10-viewport-bug-workaround.js */ = {isa = PBXFileReference; lastKnownFileType = sourcecode.javascript; path = "ie10-viewport-bug-workaround.js"; sourceTree = "<group>"; };
		B501EC6B1F8232B3002909B9 /* index.html */ = {isa = PBXFileReference; lastKnownFileType = text.html; path = index.html; sourceTree = "<group>"; };
		B501EC6D1F8232B3002909B9 /* bootstrap-theme.css */ = {isa = PBXFileReference; lastKnownFileType = text.css; path = "bootstrap-theme.css"; sourceTree = "<group>"; };
		B501EC6E1F8232B3002909B9 /* bootstrap-theme.css.map */ = {isa = PBXFileReference; lastKnownFileType = "sourcecode.module-map"; path = "bootstrap-theme.css.map"; sourceTree = "<group>"; };
		B501EC6F1F8232B3002909B9 /* bootstrap-theme.min.css */ = {isa = PBXFileReference; lastKnownFileType = text.css; path = "bootstrap-theme.min.css"; sourceTree = "<group>"; };
		B501EC701F8232B3002909B9 /* bootstrap.css.map */ = {isa = PBXFileReference; lastKnownFileType = "sourcecode.module-map"; path = bootstrap.css.map; sourceTree = "<group>"; };
		B501EC711F823541002909B9 /* InReadDirectWebViewController.swift */ = {isa = PBXFileReference; lastKnownFileType = sourcecode.swift; path = InReadDirectWebViewController.swift; sourceTree = "<group>"; };
		B501EC751F823BA8002909B9 /* bootstrap.js */ = {isa = PBXFileReference; lastKnownFileType = sourcecode.javascript; path = bootstrap.js; sourceTree = "<group>"; };
		B501EC771F823BA8002909B9 /* WebViewHelper.swift */ = {isa = PBXFileReference; lastKnownFileType = sourcecode.swift; path = WebViewHelper.swift; sourceTree = "<group>"; };
		B502BA121F827D5C008257EC /* InReadDirectTableViewController.swift */ = {isa = PBXFileReference; lastKnownFileType = sourcecode.swift; path = InReadDirectTableViewController.swift; sourceTree = "<group>"; };
		B502BA181F836D3E008257EC /* WebViewEmbededInScrollViewController.swift */ = {isa = PBXFileReference; lastKnownFileType = sourcecode.swift; path = WebViewEmbededInScrollViewController.swift; sourceTree = "<group>"; };
		B50425CF252E078B00ABF07D /* String.swift */ = {isa = PBXFileReference; lastKnownFileType = sourcecode.swift; path = String.swift; sourceTree = "<group>"; };
		B50425D2252E134E00ABF07D /* FakeArticleView.swift */ = {isa = PBXFileReference; lastKnownFileType = sourcecode.swift; path = FakeArticleView.swift; sourceTree = "<group>"; };
		B50425F3252F436000ABF07D /* coffeeDesk2.png */ = {isa = PBXFileReference; lastKnownFileType = image.png; path = coffeeDesk2.png; sourceTree = "<group>"; };
		B50425F4252F436000ABF07D /* demo.html */ = {isa = PBXFileReference; fileEncoding = 4; lastKnownFileType = text.html; path = demo.html; sourceTree = "<group>"; };
		B50425F8252F67C200ABF07D /* TeadsGradientImageView.swift */ = {isa = PBXFileReference; lastKnownFileType = sourcecode.swift; path = TeadsGradientImageView.swift; sourceTree = "<group>"; };
		B504260A25305A1E00ABF07D /* Utils.swift */ = {isa = PBXFileReference; lastKnownFileType = sourcecode.swift; path = Utils.swift; sourceTree = "<group>"; };
		B50C184822CCDC65004F2360 /* InReadAdmobWebViewController.swift */ = {isa = PBXFileReference; lastKnownFileType = sourcecode.swift; path = InReadAdmobWebViewController.swift; sourceTree = "<group>"; };
		B52842252213284A00025E97 /* SyncWebViewTFInReadAdView.swift */ = {isa = PBXFileReference; fileEncoding = 4; lastKnownFileType = sourcecode.swift; path = SyncWebViewTFInReadAdView.swift; sourceTree = "<group>"; };
		B5555A321F7CDF80007406D4 /* TeadsDemoApp.app */ = {isa = PBXFileReference; explicitFileType = wrapper.application; includeInIndex = 0; path = TeadsDemoApp.app; sourceTree = BUILT_PRODUCTS_DIR; };
		B5555A351F7CDF80007406D4 /* AppDelegate.swift */ = {isa = PBXFileReference; lastKnownFileType = sourcecode.swift; path = AppDelegate.swift; sourceTree = "<group>"; };
		B5555A3A1F7CDF80007406D4 /* Base */ = {isa = PBXFileReference; lastKnownFileType = file.storyboard; name = Base; path = Base.lproj/Main.storyboard; sourceTree = "<group>"; };
		B5555A3C1F7CDF80007406D4 /* Assets.xcassets */ = {isa = PBXFileReference; lastKnownFileType = folder.assetcatalog; path = Assets.xcassets; sourceTree = "<group>"; };
		B5555A3F1F7CDF80007406D4 /* Base */ = {isa = PBXFileReference; lastKnownFileType = file.storyboard; name = Base; path = Base.lproj/LaunchScreen.storyboard; sourceTree = "<group>"; };
		B5555A411F7CDF80007406D4 /* Info.plist */ = {isa = PBXFileReference; lastKnownFileType = text.plist.xml; path = Info.plist; sourceTree = "<group>"; };
		B5555A471F7CE4C7007406D4 /* DemoTableViewCell.swift */ = {isa = PBXFileReference; lastKnownFileType = sourcecode.swift; path = DemoTableViewCell.swift; sourceTree = "<group>"; };
		B5555A4D1F7D3177007406D4 /* InReadDirectScrollViewController.swift */ = {isa = PBXFileReference; lastKnownFileType = sourcecode.swift; path = InReadDirectScrollViewController.swift; sourceTree = "<group>"; };
		B56102961F83B5C200E59C76 /* WebViewEmbededTableViewController.swift */ = {isa = PBXFileReference; lastKnownFileType = sourcecode.swift; path = WebViewEmbededTableViewController.swift; sourceTree = "<group>"; };
		B561029B1F83C18400E59C76 /* WebViewTableViewCell.swift */ = {isa = PBXFileReference; lastKnownFileType = sourcecode.swift; path = WebViewTableViewCell.swift; sourceTree = "<group>"; };
		B561029E1F84C3DD00E59C76 /* WebViewEmbededCollectionViewController.swift */ = {isa = PBXFileReference; lastKnownFileType = sourcecode.swift; path = WebViewEmbededCollectionViewController.swift; sourceTree = "<group>"; };
		B56102A11F84D24400E59C76 /* RandomCollectionViewCell.swift */ = {isa = PBXFileReference; lastKnownFileType = sourcecode.swift; path = RandomCollectionViewCell.swift; sourceTree = "<group>"; };
		B56102A31F84DB3000E59C76 /* TeadsAdEmbededCollectionViewCell.swift */ = {isa = PBXFileReference; lastKnownFileType = sourcecode.swift; path = TeadsAdEmbededCollectionViewCell.swift; sourceTree = "<group>"; };
		B56102A81F853B0000E59C76 /* InReadTopViewController.swift */ = {isa = PBXFileReference; lastKnownFileType = sourcecode.swift; path = InReadTopViewController.swift; sourceTree = "<group>"; };
		B57FB1EA1FC5D5C600609036 /* images.xcassets */ = {isa = PBXFileReference; lastKnownFileType = folder.assetcatalog; path = images.xcassets; sourceTree = "<group>"; };
		B57FB1F01FC5E21F00609036 /* PidTableViewCell.swift */ = {isa = PBXFileReference; lastKnownFileType = sourcecode.swift; path = PidTableViewCell.swift; sourceTree = "<group>"; };
		B5CF15BE252DC47000B12F83 /* TeadsArticleViewController.swift */ = {isa = PBXFileReference; lastKnownFileType = sourcecode.swift; path = TeadsArticleViewController.swift; sourceTree = "<group>"; };
		B5D8037824E3E6C800C0AAF6 /* MoPubController.swift */ = {isa = PBXFileReference; fileEncoding = 4; lastKnownFileType = sourcecode.swift; path = MoPubController.swift; sourceTree = "<group>"; };
		DB4660DB2181B865003A6CF5 /* AdMobController.swift */ = {isa = PBXFileReference; lastKnownFileType = sourcecode.swift; path = AdMobController.swift; sourceTree = "<group>"; };
/* End PBXFileReference section */

/* Begin PBXFrameworksBuildPhase section */
		B5555A2F1F7CDF80007406D4 /* Frameworks */ = {
			isa = PBXFrameworksBuildPhase;
			buildActionMask = 2147483647;
			files = (
				D822AE1F658F3E8B193836D6 /* Pods_TeadsDemoApp.framework in Frameworks */,
			);
			runOnlyForDeploymentPostprocessing = 0;
		};
/* End PBXFrameworksBuildPhase section */

/* Begin PBXGroup section */
		4079F241252CBE7300B0AC31 /* Extensions */ = {
			isa = PBXGroup;
			children = (
				4079F242252CBE7F00B0AC31 /* ColorExtension.swift */,
				B50425CF252E078B00ABF07D /* String.swift */,
			);
			path = Extensions;
			sourceTree = "<group>";
		};
		40D289EA25384E5A0031A64D /* RootController */ = {
			isa = PBXGroup;
			children = (
				40D289EB25384E6A0031A64D /* RootControllerCells */,
				4079F252252CC1EF00B0AC31 /* RootViewController.swift */,
			);
			path = RootController;
			sourceTree = "<group>";
		};
		40D289EB25384E6A0031A64D /* RootControllerCells */ = {
			isa = PBXGroup;
			children = (
				4079F255252CC7ED00B0AC31 /* RootHeaderTableViewCell.swift */,
				4079F258252CC7FE00B0AC31 /* RootSegmentedControlsTableViewCell.swift */,
				4079F25B252CC82400B0AC31 /* RootButtonIconLabelTableViewCell.swift */,
			);
			path = RootControllerCells;
			sourceTree = "<group>";
		};
		40D289EC25384E7B0031A64D /* Models */ = {
			isa = PBXGroup;
			children = (
				40DCC3C825306FA00012407C /* Format.swift */,
			);
			path = Models;
			sourceTree = "<group>";
		};
		40D289ED25384E980031A64D /* InRead */ = {
			isa = PBXGroup;
			children = (
				40D289EE25384E9E0031A64D /* Direct */,
				40D289F325384F240031A64D /* Admob */,
				40D289F425384F2F0031A64D /* Mopub */,
			);
			path = InRead;
			sourceTree = "<group>";
		};
		40D289EE25384E9E0031A64D /* Direct */ = {
			isa = PBXGroup;
			children = (
				40D289F125384ED90031A64D /* ScrollView */,
				40D289EF25384EB00031A64D /* TableView */,
				40D289F225384EEF0031A64D /* CollectionView */,
				B501EC781F823C2A002909B9 /* WebView */,
			);
			path = Direct;
			sourceTree = "<group>";
		};
		40D289EF25384EB00031A64D /* TableView */ = {
			isa = PBXGroup;
			children = (
				B502BA121F827D5C008257EC /* InReadDirectTableViewController.swift */,
			);
			path = TableView;
			sourceTree = "<group>";
		};
		40D289F125384ED90031A64D /* ScrollView */ = {
			isa = PBXGroup;
			children = (
				B5555A4D1F7D3177007406D4 /* InReadDirectScrollViewController.swift */,
			);
			path = ScrollView;
			sourceTree = "<group>";
		};
		40D289F225384EEF0031A64D /* CollectionView */ = {
			isa = PBXGroup;
			children = (
				40077B422534AABF00D53197 /* InReadDirectCollectionViewController.swift */,
			);
			path = CollectionView;
			sourceTree = "<group>";
		};
		40D289F325384F240031A64D /* Admob */ = {
			isa = PBXGroup;
			children = (
				40D28A25253853450031A64D /* TableView */,
				40D28A41253879140031A64D /* WebView */,
			);
			path = Admob;
			sourceTree = "<group>";
		};
		40D289F425384F2F0031A64D /* Mopub */ = {
			isa = PBXGroup;
			children = (
			);
			path = Mopub;
			sourceTree = "<group>";
		};
		40D28A25253853450031A64D /* TableView */ = {
			isa = PBXGroup;
			children = (
				40D28A26253853710031A64D /* InReadAdmobTableViewController.swift */,
			);
			path = TableView;
			sourceTree = "<group>";
		};
		40D28A41253879140031A64D /* WebView */ = {
			isa = PBXGroup;
			children = (
				40D28A46253883F80031A64D /* SyncWebViewAdView.swift */,
				B50C184822CCDC65004F2360 /* InReadAdmobWebViewController.swift */,
			);
			path = WebView;
			sourceTree = "<group>";
		};
		874FCA9D677F77A0CE9CCE96 /* Frameworks */ = {
			isa = PBXGroup;
			children = (
				3A00B2DB925EAF9FCC9B791B /* Pods_TeadsDemoApp.framework */,
			);
			name = Frameworks;
			sourceTree = "<group>";
		};
		9C4C2A8CC3AEB01218414AF6 /* Pods */ = {
			isa = PBXGroup;
			children = (
				9049E99B853FFD3E844A5506 /* Pods-TeadsDemoApp.debug.xcconfig */,
				4F34C10021C20FBD3897D8B9 /* Pods-TeadsDemoApp.release.xcconfig */,
			);
			path = Pods;
			sourceTree = "<group>";
		};
		B501EC681F8232A4002909B9 /* Ressources */ = {
			isa = PBXGroup;
			children = (
				B504260925305A0D00ABF07D /* Utils */,
				B50425F2252F436000ABF07D /* DemoWebsite */,
				B502B9F11F827C35008257EC /* Images */,
				B501EC6C1F8232B3002909B9 /* css */,
				B501EC6B1F8232B3002909B9 /* index.html */,
				B501EC691F8232B3002909B9 /* js */,
			);
			path = Ressources;
			sourceTree = "<group>";
		};
		B501EC691F8232B3002909B9 /* js */ = {
			isa = PBXGroup;
			children = (
				B501EC6A1F8232B3002909B9 /* ie10-viewport-bug-workaround.js */,
			);
			path = js;
			sourceTree = "<group>";
		};
		B501EC6C1F8232B3002909B9 /* css */ = {
			isa = PBXGroup;
			children = (
				B501EC6D1F8232B3002909B9 /* bootstrap-theme.css */,
				B501EC6E1F8232B3002909B9 /* bootstrap-theme.css.map */,
				B501EC6F1F8232B3002909B9 /* bootstrap-theme.min.css */,
				B501EC701F8232B3002909B9 /* bootstrap.css.map */,
			);
			path = css;
			sourceTree = "<group>";
		};
		B501EC731F823BA8002909B9 /* WebViewHelper */ = {
			isa = PBXGroup;
			children = (
				B501EC741F823BA8002909B9 /* Ressources */,
				B501EC771F823BA8002909B9 /* WebViewHelper.swift */,
			);
			path = WebViewHelper;
			sourceTree = "<group>";
		};
		B501EC741F823BA8002909B9 /* Ressources */ = {
			isa = PBXGroup;
			children = (
				B501EC751F823BA8002909B9 /* bootstrap.js */,
			);
			path = Ressources;
			sourceTree = "<group>";
		};
		B501EC781F823C2A002909B9 /* WebView */ = {
			isa = PBXGroup;
			children = (
				B52842252213284A00025E97 /* SyncWebViewTFInReadAdView.swift */,
				B501EC711F823541002909B9 /* InReadDirectWebViewController.swift */,
			);
			path = WebView;
			sourceTree = "<group>";
		};
		B502B9F11F827C35008257EC /* Images */ = {
			isa = PBXGroup;
			children = (
				B57FB1EA1FC5D5C600609036 /* images.xcassets */,
			);
			path = Images;
			sourceTree = "<group>";
		};
		B50425F2252F436000ABF07D /* DemoWebsite */ = {
			isa = PBXGroup;
			children = (
				B50425F3252F436000ABF07D /* coffeeDesk2.png */,
				B50425F4252F436000ABF07D /* demo.html */,
			);
			path = DemoWebsite;
			sourceTree = "<group>";
		};
		B504260925305A0D00ABF07D /* Utils */ = {
			isa = PBXGroup;
			children = (
				B504260A25305A1E00ABF07D /* Utils.swift */,
			);
			path = Utils;
			sourceTree = "<group>";
		};
		B5555A291F7CDF80007406D4 = {
			isa = PBXGroup;
			children = (
				B5555A341F7CDF80007406D4 /* TeadsDemoApp */,
				B5555A331F7CDF80007406D4 /* Products */,
				9C4C2A8CC3AEB01218414AF6 /* Pods */,
				874FCA9D677F77A0CE9CCE96 /* Frameworks */,
			);
			sourceTree = "<group>";
		};
		B5555A331F7CDF80007406D4 /* Products */ = {
			isa = PBXGroup;
			children = (
				B5555A321F7CDF80007406D4 /* TeadsDemoApp.app */,
			);
			name = Products;
			sourceTree = "<group>";
		};
		B5555A341F7CDF80007406D4 /* TeadsDemoApp */ = {
			isa = PBXGroup;
			children = (
				B501EC731F823BA8002909B9 /* WebViewHelper */,
				40D289EC25384E7B0031A64D /* Models */,
				B5CF159C252CC0FA00B12F83 /* Views */,
				4079F241252CBE7300B0AC31 /* Extensions */,
				B501EC681F8232A4002909B9 /* Ressources */,
				B5555A4C1F7D3153007406D4 /* Controllers */,
				B5555A4B1F7CEF1C007406D4 /* Cells */,
				B5555A351F7CDF80007406D4 /* AppDelegate.swift */,
				B5555A391F7CDF80007406D4 /* Main.storyboard */,
				B5555A3C1F7CDF80007406D4 /* Assets.xcassets */,
				B5555A3E1F7CDF80007406D4 /* LaunchScreen.storyboard */,
				B5555A411F7CDF80007406D4 /* Info.plist */,
			);
			path = TeadsDemoApp;
			sourceTree = "<group>";
		};
		B5555A4B1F7CEF1C007406D4 /* Cells */ = {
			isa = PBXGroup;
			children = (
				B5555A471F7CE4C7007406D4 /* DemoTableViewCell.swift */,
				B57FB1F01FC5E21F00609036 /* PidTableViewCell.swift */,
			);
			path = Cells;
			sourceTree = "<group>";
		};
		B5555A4C1F7D3153007406D4 /* Controllers */ = {
			isa = PBXGroup;
			children = (
				40D289ED25384E980031A64D /* InRead */,
				40D289EA25384E5A0031A64D /* RootController */,
				B5D8037524E3E51C00C0AAF6 /* mopubController */,
				DB4660D82181B718003A6CF5 /* adMobController */,
				B56102A51F8533CF00E59C76 /* inRead Top */,
				B56102981F83BFCB00E59C76 /* EmbededWebView */,
				B5CF15BE252DC47000B12F83 /* TeadsArticleViewController.swift */,
			);
			path = Controllers;
			sourceTree = "<group>";
		};
		B56102981F83BFCB00E59C76 /* EmbededWebView */ = {
			isa = PBXGroup;
			children = (
				B561029D1F84C3B700E59C76 /* CollectionView */,
				B56102991F83BFD900E59C76 /* TableView */,
				B502BA181F836D3E008257EC /* WebViewEmbededInScrollViewController.swift */,
			);
			path = EmbededWebView;
			sourceTree = "<group>";
		};
		B56102991F83BFD900E59C76 /* TableView */ = {
			isa = PBXGroup;
			children = (
				B561029A1F83BFE700E59C76 /* Cell */,
				B56102961F83B5C200E59C76 /* WebViewEmbededTableViewController.swift */,
			);
			path = TableView;
			sourceTree = "<group>";
		};
		B561029A1F83BFE700E59C76 /* Cell */ = {
			isa = PBXGroup;
			children = (
				B561029B1F83C18400E59C76 /* WebViewTableViewCell.swift */,
			);
			path = Cell;
			sourceTree = "<group>";
		};
		B561029D1F84C3B700E59C76 /* CollectionView */ = {
			isa = PBXGroup;
			children = (
				B56102A01F84D22600E59C76 /* Cell */,
				B561029E1F84C3DD00E59C76 /* WebViewEmbededCollectionViewController.swift */,
			);
			path = CollectionView;
			sourceTree = "<group>";
		};
		B56102A01F84D22600E59C76 /* Cell */ = {
			isa = PBXGroup;
			children = (
				B56102A11F84D24400E59C76 /* RandomCollectionViewCell.swift */,
				B56102A31F84DB3000E59C76 /* TeadsAdEmbededCollectionViewCell.swift */,
			);
			path = Cell;
			sourceTree = "<group>";
		};
		B56102A51F8533CF00E59C76 /* inRead Top */ = {
			isa = PBXGroup;
			children = (
				B56102A81F853B0000E59C76 /* InReadTopViewController.swift */,
			);
			path = "inRead Top";
			sourceTree = "<group>";
		};
		B5CF159C252CC0FA00B12F83 /* Views */ = {
			isa = PBXGroup;
			children = (
				4079F25E252CC92000B0AC31 /* ImageLabelButtonView.swift */,
				B50425D2252E134E00ABF07D /* FakeArticleView.swift */,
				B50425F8252F67C200ABF07D /* TeadsGradientImageView.swift */,
			);
			path = Views;
			sourceTree = "<group>";
		};
		B5D8037524E3E51C00C0AAF6 /* mopubController */ = {
			isa = PBXGroup;
			children = (
				B5D8037824E3E6C800C0AAF6 /* MoPubController.swift */,
			);
			path = mopubController;
			sourceTree = "<group>";
		};
		DB4660D82181B718003A6CF5 /* adMobController */ = {
			isa = PBXGroup;
			children = (
				DB4660DB2181B865003A6CF5 /* AdMobController.swift */,
			);
			path = adMobController;
			sourceTree = "<group>";
		};
/* End PBXGroup section */

/* Begin PBXNativeTarget section */
		B5555A311F7CDF80007406D4 /* TeadsDemoApp */ = {
			isa = PBXNativeTarget;
			buildConfigurationList = B5555A441F7CDF80007406D4 /* Build configuration list for PBXNativeTarget "TeadsDemoApp" */;
			buildPhases = (
				A2D3C8E3E10EE071717EF2F0 /* [CP] Check Pods Manifest.lock */,
				B5555A2E1F7CDF80007406D4 /* Sources */,
				B5555A2F1F7CDF80007406D4 /* Frameworks */,
				B5555A301F7CDF80007406D4 /* Resources */,
				913FE1D31FEC291B003C6E5E /* ShellScript */,
				3EC69DF198424DA10DD39A97 /* [CP] Embed Pods Frameworks */,
			);
			buildRules = (
			);
			dependencies = (
			);
			name = TeadsDemoApp;
			productName = TeadsDemoApp;
			productReference = B5555A321F7CDF80007406D4 /* TeadsDemoApp.app */;
			productType = "com.apple.product-type.application";
		};
/* End PBXNativeTarget section */

/* Begin PBXProject section */
		B5555A2A1F7CDF80007406D4 /* Project object */ = {
			isa = PBXProject;
			attributes = {
				LastSwiftUpdateCheck = 0900;
				LastUpgradeCheck = 1000;
				ORGANIZATIONNAME = Teads;
				TargetAttributes = {
					B5555A311F7CDF80007406D4 = {
						CreatedOnToolsVersion = 9.0;
						LastSwiftMigration = 1170;
						ProvisioningStyle = Automatic;
					};
				};
			};
			buildConfigurationList = B5555A2D1F7CDF80007406D4 /* Build configuration list for PBXProject "TeadsDemoApp" */;
			compatibilityVersion = "Xcode 8.0";
			developmentRegion = en;
			hasScannedForEncodings = 0;
			knownRegions = (
				en,
				Base,
			);
			mainGroup = B5555A291F7CDF80007406D4;
			productRefGroup = B5555A331F7CDF80007406D4 /* Products */;
			projectDirPath = "";
			projectRoot = "";
			targets = (
				B5555A311F7CDF80007406D4 /* TeadsDemoApp */,
			);
		};
/* End PBXProject section */

/* Begin PBXResourcesBuildPhase section */
		B5555A301F7CDF80007406D4 /* Resources */ = {
			isa = PBXResourcesBuildPhase;
			buildActionMask = 2147483647;
			files = (
				B5555A401F7CDF80007406D4 /* LaunchScreen.storyboard in Resources */,
				B50425F6252F436000ABF07D /* demo.html in Resources */,
				B501EC7C1F823F8A002909B9 /* index.html in Resources */,
				B57FB1EB1FC5D5C600609036 /* images.xcassets in Resources */,
				B502B9F01F826842008257EC /* bootstrap.js in Resources */,
				B5555A3D1F7CDF80007406D4 /* Assets.xcassets in Resources */,
				B50425F5252F436000ABF07D /* coffeeDesk2.png in Resources */,
				B5555A3B1F7CDF80007406D4 /* Main.storyboard in Resources */,
			);
			runOnlyForDeploymentPostprocessing = 0;
		};
/* End PBXResourcesBuildPhase section */

/* Begin PBXShellScriptBuildPhase section */
		3EC69DF198424DA10DD39A97 /* [CP] Embed Pods Frameworks */ = {
			isa = PBXShellScriptBuildPhase;
			buildActionMask = 2147483647;
			files = (
			);
			inputPaths = (
				"${PODS_ROOT}/Target Support Files/Pods-TeadsDemoApp/Pods-TeadsDemoApp-frameworks.sh",
				"${BUILT_PRODUCTS_DIR}/GoogleUtilities/GoogleUtilities.framework",
				"${BUILT_PRODUCTS_DIR}/PromisesObjC/FBLPromises.framework",
				"${PODS_ROOT}/TeadsSDK/TeadsSDK.framework",
				"${BUILT_PRODUCTS_DIR}/mopub-ios-sdk/MoPub.framework",
				"${BUILT_PRODUCTS_DIR}/nanopb/nanopb.framework",
			);
			name = "[CP] Embed Pods Frameworks";
			outputPaths = (
				"${TARGET_BUILD_DIR}/${FRAMEWORKS_FOLDER_PATH}/GoogleUtilities.framework",
				"${TARGET_BUILD_DIR}/${FRAMEWORKS_FOLDER_PATH}/FBLPromises.framework",
				"${TARGET_BUILD_DIR}/${FRAMEWORKS_FOLDER_PATH}/TeadsSDK.framework",
				"${TARGET_BUILD_DIR}/${FRAMEWORKS_FOLDER_PATH}/MoPub.framework",
				"${TARGET_BUILD_DIR}/${FRAMEWORKS_FOLDER_PATH}/nanopb.framework",
			);
			runOnlyForDeploymentPostprocessing = 0;
			shellPath = /bin/sh;
			shellScript = "\"${PODS_ROOT}/Target Support Files/Pods-TeadsDemoApp/Pods-TeadsDemoApp-frameworks.sh\"\n";
			showEnvVarsInLog = 0;
		};
		913FE1D31FEC291B003C6E5E /* ShellScript */ = {
			isa = PBXShellScriptBuildPhase;
			buildActionMask = 2147483647;
			files = (
			);
			inputPaths = (
			);
			outputPaths = (
			);
			runOnlyForDeploymentPostprocessing = 0;
			shellPath = /bin/sh;
			shellScript = "echo \"Target architectures: $ARCHS\"\n\nAPP_PATH=\"${TARGET_BUILD_DIR}/${WRAPPER_NAME}\"\n\necho \"$APP_PATH\"\n\nfind \"$APP_PATH\" -name '*.framework' -type d | while read -r FRAMEWORK\ndo\nFRAMEWORK_EXECUTABLE_NAME=$(defaults read \"$FRAMEWORK/Info.plist\" CFBundleExecutable)\nFRAMEWORK_EXECUTABLE_PATH=\"$FRAMEWORK/$FRAMEWORK_EXECUTABLE_NAME\"\necho \"Executable is $FRAMEWORK_EXECUTABLE_PATH\"\necho $(lipo -info \"$FRAMEWORK_EXECUTABLE_PATH\")\n\nFRAMEWORK_TMP_PATH=\"$FRAMEWORK_EXECUTABLE_PATH-tmp\"\n\n# remove simulator's archs if location is not simulator's directory\ncase \"${TARGET_BUILD_DIR}\" in\n*\"iphonesimulator\")\necho \"No need to remove archs\"\n;;\n*)\nif $(lipo \"$FRAMEWORK_EXECUTABLE_PATH\" -verify_arch \"i386\") ; then\nlipo -output \"$FRAMEWORK_TMP_PATH\" -remove \"i386\" \"$FRAMEWORK_EXECUTABLE_PATH\"\necho \"i386 architecture removed\"\nrm \"$FRAMEWORK_EXECUTABLE_PATH\"\nmv \"$FRAMEWORK_TMP_PATH\" \"$FRAMEWORK_EXECUTABLE_PATH\"\nfi\nif $(lipo \"$FRAMEWORK_EXECUTABLE_PATH\" -verify_arch \"x86_64\") ; then\nlipo -output \"$FRAMEWORK_TMP_PATH\" -remove \"x86_64\" \"$FRAMEWORK_EXECUTABLE_PATH\"\necho \"x86_64 architecture removed\"\nrm \"$FRAMEWORK_EXECUTABLE_PATH\"\nmv \"$FRAMEWORK_TMP_PATH\" \"$FRAMEWORK_EXECUTABLE_PATH\"\nfi\n;;\nesac\n\necho \"Completed for executable $FRAMEWORK_EXECUTABLE_PATH\"\necho $(lipo -info \"$FRAMEWORK_EXECUTABLE_PATH\")\n\ndone\n";
		};
		A2D3C8E3E10EE071717EF2F0 /* [CP] Check Pods Manifest.lock */ = {
			isa = PBXShellScriptBuildPhase;
			buildActionMask = 2147483647;
			files = (
			);
			inputFileListPaths = (
			);
			inputPaths = (
				"${PODS_PODFILE_DIR_PATH}/Podfile.lock",
				"${PODS_ROOT}/Manifest.lock",
			);
			name = "[CP] Check Pods Manifest.lock";
			outputFileListPaths = (
			);
			outputPaths = (
				"$(DERIVED_FILE_DIR)/Pods-TeadsDemoApp-checkManifestLockResult.txt",
			);
			runOnlyForDeploymentPostprocessing = 0;
			shellPath = /bin/sh;
			shellScript = "diff \"${PODS_PODFILE_DIR_PATH}/Podfile.lock\" \"${PODS_ROOT}/Manifest.lock\" > /dev/null\nif [ $? != 0 ] ; then\n    # print error to STDERR\n    echo \"error: The sandbox is not in sync with the Podfile.lock. Run 'pod install' or update your CocoaPods installation.\" >&2\n    exit 1\nfi\n# This output is used by Xcode 'outputs' to avoid re-running this script phase.\necho \"SUCCESS\" > \"${SCRIPT_OUTPUT_FILE_0}\"\n";
			showEnvVarsInLog = 0;
		};
/* End PBXShellScriptBuildPhase section */

/* Begin PBXSourcesBuildPhase section */
		B5555A2E1F7CDF80007406D4 /* Sources */ = {
			isa = PBXSourcesBuildPhase;
			buildActionMask = 2147483647;
			files = (
				40D28A47253883F80031A64D /* SyncWebViewAdView.swift in Sources */,
				B50425D0252E078B00ABF07D /* String.swift in Sources */,
				40077B432534AABF00D53197 /* InReadDirectCollectionViewController.swift in Sources */,
				B501EC721F823541002909B9 /* InReadDirectWebViewController.swift in Sources */,
				B56102A41F84DB3000E59C76 /* TeadsAdEmbededCollectionViewCell.swift in Sources */,
				B50425D3252E134E00ABF07D /* FakeArticleView.swift in Sources */,
				B56102A21F84D24400E59C76 /* RandomCollectionViewCell.swift in Sources */,
				4079F25C252CC82400B0AC31 /* RootButtonIconLabelTableViewCell.swift in Sources */,
				DB4660DC2181B865003A6CF5 /* AdMobController.swift in Sources */,
				B561029C1F83C18400E59C76 /* WebViewTableViewCell.swift in Sources */,
				B56102971F83B5C200E59C76 /* WebViewEmbededTableViewController.swift in Sources */,
				B501EC791F823F6C002909B9 /* WebViewHelper.swift in Sources */,
				B561029F1F84C3DD00E59C76 /* WebViewEmbededCollectionViewController.swift in Sources */,
				40D28A27253853710031A64D /* InReadAdmobTableViewController.swift in Sources */,
				B502BA191F836D3E008257EC /* WebViewEmbededInScrollViewController.swift in Sources */,
				B502BA131F827D5C008257EC /* InReadDirectTableViewController.swift in Sources */,
				B50425F9252F67C200ABF07D /* TeadsGradientImageView.swift in Sources */,
				B5D8037924E3E6C800C0AAF6 /* MoPubController.swift in Sources */,
				40DCC3C925306FA00012407C /* Format.swift in Sources */,
				B57FB1F11FC5E21F00609036 /* PidTableViewCell.swift in Sources */,
				4079F256252CC7ED00B0AC31 /* RootHeaderTableViewCell.swift in Sources */,
				B52842262213284A00025E97 /* SyncWebViewTFInReadAdView.swift in Sources */,
				B504260B25305A1E00ABF07D /* Utils.swift in Sources */,
				B5555A491F7CE4C7007406D4 /* DemoTableViewCell.swift in Sources */,
				4079F253252CC1EF00B0AC31 /* RootViewController.swift in Sources */,
				B50C184922CCDC65004F2360 /* InReadAdmobWebViewController.swift in Sources */,
				4079F25F252CC92000B0AC31 /* ImageLabelButtonView.swift in Sources */,
				4079F259252CC7FE00B0AC31 /* RootSegmentedControlsTableViewCell.swift in Sources */,
				B56102A91F853B0000E59C76 /* InReadTopViewController.swift in Sources */,
				B5555A361F7CDF80007406D4 /* AppDelegate.swift in Sources */,
				B5555A4E1F7D3177007406D4 /* InReadDirectScrollViewController.swift in Sources */,
				B5CF15BF252DC47000B12F83 /* TeadsArticleViewController.swift in Sources */,
				4079F243252CBE7F00B0AC31 /* ColorExtension.swift in Sources */,
			);
			runOnlyForDeploymentPostprocessing = 0;
		};
/* End PBXSourcesBuildPhase section */

/* Begin PBXVariantGroup section */
		B5555A391F7CDF80007406D4 /* Main.storyboard */ = {
			isa = PBXVariantGroup;
			children = (
				B5555A3A1F7CDF80007406D4 /* Base */,
			);
			name = Main.storyboard;
			sourceTree = "<group>";
		};
		B5555A3E1F7CDF80007406D4 /* LaunchScreen.storyboard */ = {
			isa = PBXVariantGroup;
			children = (
				B5555A3F1F7CDF80007406D4 /* Base */,
			);
			name = LaunchScreen.storyboard;
			sourceTree = "<group>";
		};
/* End PBXVariantGroup section */

/* Begin XCBuildConfiguration section */
		B5555A421F7CDF80007406D4 /* Debug */ = {
			isa = XCBuildConfiguration;
			buildSettings = {
				ALWAYS_SEARCH_USER_PATHS = NO;
				CLANG_ANALYZER_NONNULL = YES;
				CLANG_ANALYZER_NUMBER_OBJECT_CONVERSION = YES_AGGRESSIVE;
				CLANG_CXX_LANGUAGE_STANDARD = "gnu++14";
				CLANG_CXX_LIBRARY = "libc++";
				CLANG_ENABLE_MODULES = YES;
				CLANG_ENABLE_OBJC_ARC = YES;
				CLANG_WARN_BLOCK_CAPTURE_AUTORELEASING = YES;
				CLANG_WARN_BOOL_CONVERSION = YES;
				CLANG_WARN_COMMA = YES;
				CLANG_WARN_CONSTANT_CONVERSION = YES;
				CLANG_WARN_DEPRECATED_OBJC_IMPLEMENTATIONS = YES;
				CLANG_WARN_DIRECT_OBJC_ISA_USAGE = YES_ERROR;
				CLANG_WARN_DOCUMENTATION_COMMENTS = YES;
				CLANG_WARN_EMPTY_BODY = YES;
				CLANG_WARN_ENUM_CONVERSION = YES;
				CLANG_WARN_INFINITE_RECURSION = YES;
				CLANG_WARN_INT_CONVERSION = YES;
				CLANG_WARN_NON_LITERAL_NULL_CONVERSION = YES;
				CLANG_WARN_OBJC_IMPLICIT_RETAIN_SELF = YES;
				CLANG_WARN_OBJC_LITERAL_CONVERSION = YES;
				CLANG_WARN_OBJC_ROOT_CLASS = YES_ERROR;
				CLANG_WARN_RANGE_LOOP_ANALYSIS = YES;
				CLANG_WARN_STRICT_PROTOTYPES = YES;
				CLANG_WARN_SUSPICIOUS_MOVE = YES;
				CLANG_WARN_UNGUARDED_AVAILABILITY = YES_AGGRESSIVE;
				CLANG_WARN_UNREACHABLE_CODE = YES;
				CLANG_WARN__DUPLICATE_METHOD_MATCH = YES;
				CODE_SIGN_IDENTITY = "iPhone Developer";
				COPY_PHASE_STRIP = NO;
				DEBUG_INFORMATION_FORMAT = dwarf;
				ENABLE_STRICT_OBJC_MSGSEND = YES;
				ENABLE_TESTABILITY = YES;
				GCC_C_LANGUAGE_STANDARD = gnu11;
				GCC_DYNAMIC_NO_PIC = NO;
				GCC_NO_COMMON_BLOCKS = YES;
				GCC_OPTIMIZATION_LEVEL = 0;
				GCC_PREPROCESSOR_DEFINITIONS = (
					"DEBUG=1",
					"$(inherited)",
				);
				GCC_WARN_64_TO_32_BIT_CONVERSION = YES;
				GCC_WARN_ABOUT_RETURN_TYPE = YES_ERROR;
				GCC_WARN_UNDECLARED_SELECTOR = YES;
				GCC_WARN_UNINITIALIZED_AUTOS = YES_AGGRESSIVE;
				GCC_WARN_UNUSED_FUNCTION = YES;
				GCC_WARN_UNUSED_VARIABLE = YES;
				IPHONEOS_DEPLOYMENT_TARGET = 11.0;
				MTL_ENABLE_DEBUG_INFO = YES;
				ONLY_ACTIVE_ARCH = YES;
				SDKROOT = iphoneos;
				SWIFT_ACTIVE_COMPILATION_CONDITIONS = DEBUG;
				SWIFT_OPTIMIZATION_LEVEL = "-Onone";
				SWIFT_VERSION = 4.0;
			};
			name = Debug;
		};
		B5555A431F7CDF80007406D4 /* Release */ = {
			isa = XCBuildConfiguration;
			buildSettings = {
				ALWAYS_SEARCH_USER_PATHS = NO;
				CLANG_ANALYZER_NONNULL = YES;
				CLANG_ANALYZER_NUMBER_OBJECT_CONVERSION = YES_AGGRESSIVE;
				CLANG_CXX_LANGUAGE_STANDARD = "gnu++14";
				CLANG_CXX_LIBRARY = "libc++";
				CLANG_ENABLE_MODULES = YES;
				CLANG_ENABLE_OBJC_ARC = YES;
				CLANG_WARN_BLOCK_CAPTURE_AUTORELEASING = YES;
				CLANG_WARN_BOOL_CONVERSION = YES;
				CLANG_WARN_COMMA = YES;
				CLANG_WARN_CONSTANT_CONVERSION = YES;
				CLANG_WARN_DEPRECATED_OBJC_IMPLEMENTATIONS = YES;
				CLANG_WARN_DIRECT_OBJC_ISA_USAGE = YES_ERROR;
				CLANG_WARN_DOCUMENTATION_COMMENTS = YES;
				CLANG_WARN_EMPTY_BODY = YES;
				CLANG_WARN_ENUM_CONVERSION = YES;
				CLANG_WARN_INFINITE_RECURSION = YES;
				CLANG_WARN_INT_CONVERSION = YES;
				CLANG_WARN_NON_LITERAL_NULL_CONVERSION = YES;
				CLANG_WARN_OBJC_IMPLICIT_RETAIN_SELF = YES;
				CLANG_WARN_OBJC_LITERAL_CONVERSION = YES;
				CLANG_WARN_OBJC_ROOT_CLASS = YES_ERROR;
				CLANG_WARN_RANGE_LOOP_ANALYSIS = YES;
				CLANG_WARN_STRICT_PROTOTYPES = YES;
				CLANG_WARN_SUSPICIOUS_MOVE = YES;
				CLANG_WARN_UNGUARDED_AVAILABILITY = YES_AGGRESSIVE;
				CLANG_WARN_UNREACHABLE_CODE = YES;
				CLANG_WARN__DUPLICATE_METHOD_MATCH = YES;
				CODE_SIGN_IDENTITY = "iPhone Developer";
				COPY_PHASE_STRIP = NO;
				DEBUG_INFORMATION_FORMAT = "dwarf-with-dsym";
				ENABLE_NS_ASSERTIONS = NO;
				ENABLE_STRICT_OBJC_MSGSEND = YES;
				GCC_C_LANGUAGE_STANDARD = gnu11;
				GCC_NO_COMMON_BLOCKS = YES;
				GCC_WARN_64_TO_32_BIT_CONVERSION = YES;
				GCC_WARN_ABOUT_RETURN_TYPE = YES_ERROR;
				GCC_WARN_UNDECLARED_SELECTOR = YES;
				GCC_WARN_UNINITIALIZED_AUTOS = YES_AGGRESSIVE;
				GCC_WARN_UNUSED_FUNCTION = YES;
				GCC_WARN_UNUSED_VARIABLE = YES;
				IPHONEOS_DEPLOYMENT_TARGET = 11.0;
				MTL_ENABLE_DEBUG_INFO = NO;
				SDKROOT = iphoneos;
				SWIFT_OPTIMIZATION_LEVEL = "-Owholemodule";
				SWIFT_VERSION = 4.0;
				VALIDATE_PRODUCT = YES;
			};
			name = Release;
		};
		B5555A451F7CDF80007406D4 /* Debug */ = {
			isa = XCBuildConfiguration;
			baseConfigurationReference = 9049E99B853FFD3E844A5506 /* Pods-TeadsDemoApp.debug.xcconfig */;
			buildSettings = {
				ASSETCATALOG_COMPILER_APPICON_NAME = AppIcon;
				BUNDLE_LOADER = "";
				CODE_SIGN_STYLE = Automatic;
				DEVELOPMENT_TEAM = V55UEG98F8;
				FRAMEWORK_SEARCH_PATHS = (
					"$(inherited)",
					"$(PROJECT_DIR)/TeadsDemoApp",
					"$(PROJECT_DIR)",
				);
				GCC_SYMBOLS_PRIVATE_EXTERN = NO;
				INFOPLIST_FILE = TeadsDemoApp/Info.plist;
				IPHONEOS_DEPLOYMENT_TARGET = 13.0;
				LD_RUNPATH_SEARCH_PATHS = "$(inherited) @executable_path/Frameworks";
				OTHER_LDFLAGS = (
					"$(inherited)",
					"-ObjC",
					"-l\"c++\"",
					"-l\"sqlite3\"",
					"-l\"z\"",
					"-framework",
					"\"AVFoundation\"",
					"-framework",
					"\"AVKit\"",
					"-framework",
					"\"AdSupport\"",
					"-framework",
					"\"AudioToolbox\"",
					"-framework",
					"\"CFNetwork\"",
					"-framework",
					"\"CoreGraphics\"",
					"-framework",
					"\"CoreLocation\"",
					"-framework",
					"\"CoreMedia\"",
					"-framework",
					"\"CoreTelephony\"",
					"-framework",
					"\"CoreVideo\"",
					"-framework",
					"\"FBLPromises\"",
					"-framework",
					"\"Foundation\"",
					"-framework",
					"\"GoogleAppMeasurement\"",
					"-framework",
					"\"GoogleMobileAds\"",
					"-framework",
					"\"GoogleUtilities\"",
					"-framework",
					"\"MediaPlayer\"",
					"-framework",
					"\"MessageUI\"",
					"-framework",
					"\"MoPub\"",
					"-framework",
					"\"MobileCoreServices\"",
					"-framework",
					"\"QuartzCore\"",
					"-framework",
					"\"SafariServices\"",
					"-framework",
					"\"Security\"",
					"-framework",
					"\"StoreKit\"",
					"-framework",
					"\"SystemConfiguration\"",
					"-framework",
					"\"TeadsAdMobAdapter\"",
					"-framework",
					"\"TeadsMoPubAdapter\"",
					"-framework",
					"\"TeadsSDK\"",
					"-framework",
					"\"UIKit\"",
					"-framework",
					"\"UserMessagingPlatform\"",
					"-framework",
					"\"WebKit\"",
					"-framework",
					"\"nanopb\"",
					"-weak_framework",
					"\"AdSupport\"",
					"-weak_framework",
					"\"JavaScriptCore\"",
					"-weak_framework",
					"\"SafariServices\"",
					"-weak_framework",
					"\"StoreKit\"",
					"-weak_framework",
					"\"WebKit\"",
				);
				PRODUCT_BUNDLE_IDENTIFIER = Teads.TeadsDemoApp;
				PRODUCT_NAME = "$(TARGET_NAME)";
				SWIFT_VERSION = 5.0;
				TARGETED_DEVICE_FAMILY = "1,2";
			};
			name = Debug;
		};
		B5555A461F7CDF80007406D4 /* Release */ = {
			isa = XCBuildConfiguration;
			baseConfigurationReference = 4F34C10021C20FBD3897D8B9 /* Pods-TeadsDemoApp.release.xcconfig */;
			buildSettings = {
				ASSETCATALOG_COMPILER_APPICON_NAME = AppIcon;
				BUNDLE_LOADER = "";
				CODE_SIGN_STYLE = Automatic;
				DEVELOPMENT_TEAM = V55UEG98F8;
				FRAMEWORK_SEARCH_PATHS = (
					"$(inherited)",
					"$(PROJECT_DIR)/TeadsDemoApp",
					"$(PROJECT_DIR)",
				);
				GCC_SYMBOLS_PRIVATE_EXTERN = NO;
				INFOPLIST_FILE = TeadsDemoApp/Info.plist;
				IPHONEOS_DEPLOYMENT_TARGET = 13.0;
				LD_RUNPATH_SEARCH_PATHS = "$(inherited) @executable_path/Frameworks";
				OTHER_LDFLAGS = (
					"$(inherited)",
					"-ObjC",
					"-l\"c++\"",
					"-l\"sqlite3\"",
					"-l\"z\"",
					"-framework",
					"\"AVFoundation\"",
					"-framework",
					"\"AVKit\"",
					"-framework",
					"\"AdSupport\"",
					"-framework",
					"\"AudioToolbox\"",
					"-framework",
					"\"CFNetwork\"",
					"-framework",
					"\"CoreGraphics\"",
					"-framework",
					"\"CoreLocation\"",
					"-framework",
					"\"CoreMedia\"",
					"-framework",
					"\"CoreTelephony\"",
					"-framework",
					"\"CoreVideo\"",
					"-framework",
					"\"FBLPromises\"",
					"-framework",
					"\"Foundation\"",
					"-framework",
					"\"GoogleAppMeasurement\"",
					"-framework",
					"\"GoogleMobileAds\"",
					"-framework",
					"\"GoogleUtilities\"",
					"-framework",
					"\"MediaPlayer\"",
					"-framework",
					"\"MessageUI\"",
					"-framework",
					"\"MoPub\"",
					"-framework",
					"\"MobileCoreServices\"",
					"-framework",
					"\"QuartzCore\"",
					"-framework",
					"\"SafariServices\"",
					"-framework",
					"\"Security\"",
					"-framework",
					"\"StoreKit\"",
					"-framework",
					"\"SystemConfiguration\"",
					"-framework",
					"\"TeadsAdMobAdapter\"",
					"-framework",
					"\"TeadsMoPubAdapter\"",
					"-framework",
					"\"TeadsSDK\"",
					"-framework",
					"\"UIKit\"",
					"-framework",
					"\"UserMessagingPlatform\"",
					"-framework",
					"\"WebKit\"",
					"-framework",
					"\"nanopb\"",
					"-weak_framework",
					"\"AdSupport\"",
					"-weak_framework",
					"\"JavaScriptCore\"",
					"-weak_framework",
					"\"SafariServices\"",
					"-weak_framework",
					"\"StoreKit\"",
					"-weak_framework",
					"\"WebKit\"",
				);
				PRODUCT_BUNDLE_IDENTIFIER = Teads.TeadsDemoApp;
				PRODUCT_NAME = "$(TARGET_NAME)";
				SWIFT_VERSION = 5.0;
				TARGETED_DEVICE_FAMILY = "1,2";
			};
			name = Release;
		};
/* End XCBuildConfiguration section */

/* Begin XCConfigurationList section */
		B5555A2D1F7CDF80007406D4 /* Build configuration list for PBXProject "TeadsDemoApp" */ = {
			isa = XCConfigurationList;
			buildConfigurations = (
				B5555A421F7CDF80007406D4 /* Debug */,
				B5555A431F7CDF80007406D4 /* Release */,
			);
			defaultConfigurationIsVisible = 0;
			defaultConfigurationName = Release;
		};
		B5555A441F7CDF80007406D4 /* Build configuration list for PBXNativeTarget "TeadsDemoApp" */ = {
			isa = XCConfigurationList;
			buildConfigurations = (
				B5555A451F7CDF80007406D4 /* Debug */,
				B5555A461F7CDF80007406D4 /* Release */,
			);
			defaultConfigurationIsVisible = 0;
			defaultConfigurationName = Release;
		};
/* End XCConfigurationList section */
	};
	rootObject = B5555A2A1F7CDF80007406D4 /* Project object */;
}
