// !$*UTF8*$!
{
	archiveVersion = 1;
	classes = {
	};
	objectVersion = 46;
	objects = {

/* Begin PBXBuildFile section */
		019381E01C2C4F7C00A8FE14 /* TeadsSDKResources.bundle in Resources */ = {isa = PBXBuildFile; fileRef = 019381DF1C2C4F7C00A8FE14 /* TeadsSDKResources.bundle */; };
		91066C0B1C2B1531003E845F /* WebKit.framework in Frameworks */ = {isa = PBXBuildFile; fileRef = 91066C0A1C2B1531003E845F /* WebKit.framework */; };
		91066C111C2B15F2003E845F /* InReadWKWebview.m in Sources */ = {isa = PBXBuildFile; fileRef = 91066C101C2B15F2003E845F /* InReadWKWebview.m */; };
		91066C121C2B162D003E845F /* DemoUtils.m in Sources */ = {isa = PBXBuildFile; fileRef = 91B565D31BFB3B4700347185 /* DemoUtils.m */; };
		910CB4501A695933005E6711 /* InReadScrollViewController.m in Sources */ = {isa = PBXBuildFile; fileRef = 910CB44B1A695933005E6711 /* InReadScrollViewController.m */; };
		910CB4511A695933005E6711 /* InReadTableViewController.m in Sources */ = {isa = PBXBuildFile; fileRef = 910CB44D1A695933005E6711 /* InReadTableViewController.m */; };
		910CB4521A695933005E6711 /* InReadWebViewController.m in Sources */ = {isa = PBXBuildFile; fileRef = 910CB44F1A695933005E6711 /* InReadWebViewController.m */; };
		913B3BEF1A70F495008E3E30 /* arrow_right.png in Resources */ = {isa = PBXBuildFile; fileRef = 913B3BEE1A70F495008E3E30 /* arrow_right.png */; };
		913B3BF11A70F509008E3E30 /* arrow_left.png in Resources */ = {isa = PBXBuildFile; fileRef = 913B3BF01A70F509008E3E30 /* arrow_left.png */; };
		913CED781B67C3590058623A /* CustomAdScrollViewController.m in Sources */ = {isa = PBXBuildFile; fileRef = 913CED771B67C3590058623A /* CustomAdScrollViewController.m */; };
		914E2BA51BBC23CE001D6A83 /* libxml2.tbd in Frameworks */ = {isa = PBXBuildFile; fileRef = 914E2BA41BBC23CE001D6A83 /* libxml2.tbd */; };
		91566E681E78451B008AF47F /* MultiCustomAdCollectionViewController.m in Sources */ = {isa = PBXBuildFile; fileRef = 91566E671E78451B008AF47F /* MultiCustomAdCollectionViewController.m */; };
		916CFB161A68288400E36306 /* main.m in Sources */ = {isa = PBXBuildFile; fileRef = 916CFB151A68288400E36306 /* main.m */; };
		916CFB191A68288400E36306 /* AppDelegate.m in Sources */ = {isa = PBXBuildFile; fileRef = 916CFB181A68288400E36306 /* AppDelegate.m */; };
		916CFB1F1A68288400E36306 /* Main.storyboard in Resources */ = {isa = PBXBuildFile; fileRef = 916CFB1D1A68288400E36306 /* Main.storyboard */; };
		916CFB211A68288400E36306 /* Images.xcassets in Resources */ = {isa = PBXBuildFile; fileRef = 916CFB201A68288400E36306 /* Images.xcassets */; };
		916CFB301A68288400E36306 /* TeadsSDKDemoTests.m in Sources */ = {isa = PBXBuildFile; fileRef = 916CFB2F1A68288400E36306 /* TeadsSDKDemoTests.m */; };
		916CFB3F1A68303700E36306 /* MainViewController.m in Sources */ = {isa = PBXBuildFile; fileRef = 916CFB3E1A68303700E36306 /* MainViewController.m */; };
		918A90251A76407400CC4C52 /* arrow_up.png in Resources */ = {isa = PBXBuildFile; fileRef = 918A90221A76407400CC4C52 /* arrow_up.png */; };
		918A90261A76407400CC4C52 /* arrow_up@2x.png in Resources */ = {isa = PBXBuildFile; fileRef = 918A90231A76407400CC4C52 /* arrow_up@2x.png */; };
		918A90271A76407400CC4C52 /* arrow_up@3x.png in Resources */ = {isa = PBXBuildFile; fileRef = 918A90241A76407400CC4C52 /* arrow_up@3x.png */; };
		919566D31A6D062400F5FB9B /* teads_grayed.png in Resources */ = {isa = PBXBuildFile; fileRef = 919566D01A6D062400F5FB9B /* teads_grayed.png */; };
		919566D41A6D062400F5FB9B /* teads_grayed@2x.png in Resources */ = {isa = PBXBuildFile; fileRef = 919566D11A6D062400F5FB9B /* teads_grayed@2x.png */; };
		919566D51A6D062400F5FB9B /* teads_grayed@3x.png in Resources */ = {isa = PBXBuildFile; fileRef = 919566D21A6D062400F5FB9B /* teads_grayed@3x.png */; };
		9195673D1A6D463200F5FB9B /* index.html in Resources */ = {isa = PBXBuildFile; fileRef = 919567231A6D463200F5FB9B /* index.html */; };
		9195674C1A6E5BB400F5FB9B /* teads.png in Resources */ = {isa = PBXBuildFile; fileRef = 919567491A6E5BB400F5FB9B /* teads.png */; };
		9195674D1A6E5BB400F5FB9B /* teads@2x.png in Resources */ = {isa = PBXBuildFile; fileRef = 9195674A1A6E5BB400F5FB9B /* teads@2x.png */; };
		9195674E1A6E5BB400F5FB9B /* teads@3x.png in Resources */ = {isa = PBXBuildFile; fileRef = 9195674B1A6E5BB400F5FB9B /* teads@3x.png */; };
		9195675A1A6E8EB500F5FB9B /* arrow_down.png in Resources */ = {isa = PBXBuildFile; fileRef = 919567571A6E8EB500F5FB9B /* arrow_down.png */; };
		9195675B1A6E8EB500F5FB9B /* arrow_down@2x.png in Resources */ = {isa = PBXBuildFile; fileRef = 919567581A6E8EB500F5FB9B /* arrow_down@2x.png */; };
		9195675C1A6E8EB500F5FB9B /* arrow_down@3x.png in Resources */ = {isa = PBXBuildFile; fileRef = 919567591A6E8EB500F5FB9B /* arrow_down@3x.png */; };
		91AB35B81C46BAB600BAB5D1 /* CoreTelephony.framework in Frameworks */ = {isa = PBXBuildFile; fileRef = 91AB35B71C46BAB600BAB5D1 /* CoreTelephony.framework */; };
		91AB35BC1C46BAC600BAB5D1 /* AdSupport.framework in Frameworks */ = {isa = PBXBuildFile; fileRef = 91AB35BB1C46BAC600BAB5D1 /* AdSupport.framework */; };
		91AB35BE1C46BACD00BAB5D1 /* CoreLocation.framework in Frameworks */ = {isa = PBXBuildFile; fileRef = 91AB35BD1C46BACD00BAB5D1 /* CoreLocation.framework */; };
		91AB35BF1C46BAF700BAB5D1 /* AVFoundation.framework in Frameworks */ = {isa = PBXBuildFile; fileRef = 91AB35B51C46BAAE00BAB5D1 /* AVFoundation.framework */; };
		91AB35C31C46BB2100BAB5D1 /* SystemConfiguration.framework in Frameworks */ = {isa = PBXBuildFile; fileRef = 91AB35C21C46BB2100BAB5D1 /* SystemConfiguration.framework */; };
		91AB35C41C46BB5400BAB5D1 /* CoreMedia.framework in Frameworks */ = {isa = PBXBuildFile; fileRef = 91AB35B91C46BAC000BAB5D1 /* CoreMedia.framework */; };
		91AB35D61C46C27D00BAB5D1 /* TeadsSDK.framework in Frameworks */ = {isa = PBXBuildFile; fileRef = 91AB35D51C46C27D00BAB5D1 /* TeadsSDK.framework */; };
		91AB35D81C46C27D00BAB5D1 /* TeadsSDK.framework in Frameworks */ = {isa = PBXBuildFile; fileRef = 91AB35D51C46C27D00BAB5D1 /* TeadsSDK.framework */; };
		91E125C31C64B7AA0095F327 /* InReadTopScrollViewController.m in Sources */ = {isa = PBXBuildFile; fileRef = 91E125BC1C64B7AA0095F327 /* InReadTopScrollViewController.m */; };
		91E125C51C64B7AA0095F327 /* InReadTopTableViewController.m in Sources */ = {isa = PBXBuildFile; fileRef = 91E125BE1C64B7AA0095F327 /* InReadTopTableViewController.m */; };
		91E125C71C64B7AA0095F327 /* InReadTopWebViewController.m in Sources */ = {isa = PBXBuildFile; fileRef = 91E125C01C64B7AA0095F327 /* InReadTopWebViewController.m */; };
		91E125C91C64B7AA0095F327 /* InReadTopWKWebView.m in Sources */ = {isa = PBXBuildFile; fileRef = 91E125C21C64B7AA0095F327 /* InReadTopWKWebView.m */; };
		91E635A11DDB081C00525579 /* CustomAdCollectionViewController.m in Sources */ = {isa = PBXBuildFile; fileRef = 91E635A01DDB081C00525579 /* CustomAdCollectionViewController.m */; };
		91E635A41DDB0AAE00525579 /* CustomCollectionViewCell.m in Sources */ = {isa = PBXBuildFile; fileRef = 91E635A31DDB0AAE00525579 /* CustomCollectionViewCell.m */; };
		91E635A71DDB17B600525579 /* InReadTopCollectionViewController.m in Sources */ = {isa = PBXBuildFile; fileRef = 91E635A61DDB17B600525579 /* InReadTopCollectionViewController.m */; };
		91E792861C47A8D80080DD03 /* MediaPlayer.framework in Frameworks */ = {isa = PBXBuildFile; fileRef = 91E792851C47A8D80080DD03 /* MediaPlayer.framework */; };
/* End PBXBuildFile section */

/* Begin PBXContainerItemProxy section */
		916CFB2A1A68288400E36306 /* PBXContainerItemProxy */ = {
			isa = PBXContainerItemProxy;
			containerPortal = 916CFB081A68288400E36306 /* Project object */;
			proxyType = 1;
			remoteGlobalIDString = 916CFB0F1A68288400E36306;
			remoteInfo = TeadsSDKDemo;
		};
/* End PBXContainerItemProxy section */

/* Begin PBXCopyFilesBuildPhase section */
		912B443A1A852A8700E5AE23 /* CopyFiles */ = {
			isa = PBXCopyFilesBuildPhase;
			buildActionMask = 2147483647;
			dstPath = "";
			dstSubfolderSpec = 7;
			files = (
			);
			runOnlyForDeploymentPostprocessing = 0;
		};
		912B443E1A852B5D00E5AE23 /* Embed Frameworks */ = {
			isa = PBXCopyFilesBuildPhase;
			buildActionMask = 2147483647;
			dstPath = "";
			dstSubfolderSpec = 10;
			files = (
			);
			name = "Embed Frameworks";
			runOnlyForDeploymentPostprocessing = 0;
		};
/* End PBXCopyFilesBuildPhase section */

/* Begin PBXFileReference section */
		019381DF1C2C4F7C00A8FE14 /* TeadsSDKResources.bundle */ = {isa = PBXFileReference; lastKnownFileType = "wrapper.plug-in"; path = TeadsSDKResources.bundle; sourceTree = "<group>"; };
		01A4E72C1B46826F005D381E /* TeadsSDKDemo copy-Info.plist */ = {isa = PBXFileReference; lastKnownFileType = text.plist.xml; name = "TeadsSDKDemo copy-Info.plist"; path = "/Users/ibrahimennafaa/IOS/TeadsSDK-iOS/TeadsSDKDemo copy-Info.plist"; sourceTree = "<absolute>"; };
		01A4E72F1B468478005D381E /* calabash.framework */ = {isa = PBXFileReference; lastKnownFileType = wrapper.framework; path = calabash.framework; sourceTree = "<group>"; };
		01A4E7311B46848F005D381E /* CFNetwork.framework */ = {isa = PBXFileReference; lastKnownFileType = wrapper.framework; name = CFNetwork.framework; path = System/Library/Frameworks/CFNetwork.framework; sourceTree = SDKROOT; };
		01E490BA1C31788200167A39 /* WebKit.framework */ = {isa = PBXFileReference; lastKnownFileType = wrapper.framework; name = WebKit.framework; path = System/Library/PrivateFrameworks/WebKit.framework; sourceTree = SDKROOT; };
		91066C0A1C2B1531003E845F /* WebKit.framework */ = {isa = PBXFileReference; lastKnownFileType = wrapper.framework; name = WebKit.framework; path = System/Library/Frameworks/WebKit.framework; sourceTree = SDKROOT; };
		91066C0F1C2B15F2003E845F /* InReadWKWebview.h */ = {isa = PBXFileReference; fileEncoding = 4; lastKnownFileType = sourcecode.c.h; path = InReadWKWebview.h; sourceTree = "<group>"; };
		91066C101C2B15F2003E845F /* InReadWKWebview.m */ = {isa = PBXFileReference; fileEncoding = 4; lastKnownFileType = sourcecode.c.objc; path = InReadWKWebview.m; sourceTree = "<group>"; };
		910CB44A1A695933005E6711 /* InReadScrollViewController.h */ = {isa = PBXFileReference; fileEncoding = 4; lastKnownFileType = sourcecode.c.h; path = InReadScrollViewController.h; sourceTree = "<group>"; };
		910CB44B1A695933005E6711 /* InReadScrollViewController.m */ = {isa = PBXFileReference; fileEncoding = 4; lastKnownFileType = sourcecode.c.objc; path = InReadScrollViewController.m; sourceTree = "<group>"; };
		910CB44C1A695933005E6711 /* InReadTableViewController.h */ = {isa = PBXFileReference; fileEncoding = 4; lastKnownFileType = sourcecode.c.h; path = InReadTableViewController.h; sourceTree = "<group>"; };
		910CB44D1A695933005E6711 /* InReadTableViewController.m */ = {isa = PBXFileReference; fileEncoding = 4; lastKnownFileType = sourcecode.c.objc; path = InReadTableViewController.m; sourceTree = "<group>"; };
		910CB44E1A695933005E6711 /* InReadWebViewController.h */ = {isa = PBXFileReference; fileEncoding = 4; lastKnownFileType = sourcecode.c.h; path = InReadWebViewController.h; sourceTree = "<group>"; };
		910CB44F1A695933005E6711 /* InReadWebViewController.m */ = {isa = PBXFileReference; fileEncoding = 4; lastKnownFileType = sourcecode.c.objc; path = InReadWebViewController.m; sourceTree = "<group>"; };
		913B3BEE1A70F495008E3E30 /* arrow_right.png */ = {isa = PBXFileReference; lastKnownFileType = image.png; path = arrow_right.png; sourceTree = "<group>"; };
		913B3BF01A70F509008E3E30 /* arrow_left.png */ = {isa = PBXFileReference; lastKnownFileType = image.png; path = arrow_left.png; sourceTree = "<group>"; };
		913CED761B67C3590058623A /* CustomAdScrollViewController.h */ = {isa = PBXFileReference; fileEncoding = 4; lastKnownFileType = sourcecode.c.h; path = CustomAdScrollViewController.h; sourceTree = "<group>"; };
		913CED771B67C3590058623A /* CustomAdScrollViewController.m */ = {isa = PBXFileReference; fileEncoding = 4; lastKnownFileType = sourcecode.c.objc; path = CustomAdScrollViewController.m; sourceTree = "<group>"; };
		914E2BA41BBC23CE001D6A83 /* libxml2.tbd */ = {isa = PBXFileReference; lastKnownFileType = "sourcecode.text-based-dylib-definition"; name = libxml2.tbd; path = usr/lib/libxml2.tbd; sourceTree = SDKROOT; };
		91566E661E78451B008AF47F /* MultiCustomAdCollectionViewController.h */ = {isa = PBXFileReference; fileEncoding = 4; lastKnownFileType = sourcecode.c.h; name = MultiCustomAdCollectionViewController.h; path = "TeadsSDKDemo/Demo Pages/inRead_multi/MultiCustomAdCollectionViewController.h"; sourceTree = SOURCE_ROOT; };
		91566E671E78451B008AF47F /* MultiCustomAdCollectionViewController.m */ = {isa = PBXFileReference; fileEncoding = 4; lastKnownFileType = sourcecode.c.objc; name = MultiCustomAdCollectionViewController.m; path = "TeadsSDKDemo/Demo Pages/inRead_multi/MultiCustomAdCollectionViewController.m"; sourceTree = SOURCE_ROOT; };
		916CFB101A68288400E36306 /* TeadsSDKDemo.app */ = {isa = PBXFileReference; explicitFileType = wrapper.application; includeInIndex = 0; path = TeadsSDKDemo.app; sourceTree = BUILT_PRODUCTS_DIR; };
		916CFB141A68288400E36306 /* Info.plist */ = {isa = PBXFileReference; lastKnownFileType = text.plist.xml; path = Info.plist; sourceTree = "<group>"; };
		916CFB151A68288400E36306 /* main.m */ = {isa = PBXFileReference; lastKnownFileType = sourcecode.c.objc; path = main.m; sourceTree = "<group>"; };
		916CFB171A68288400E36306 /* AppDelegate.h */ = {isa = PBXFileReference; lastKnownFileType = sourcecode.c.h; name = AppDelegate.h; path = ../AppDelegate.h; sourceTree = "<group>"; };
		916CFB181A68288400E36306 /* AppDelegate.m */ = {isa = PBXFileReference; lastKnownFileType = sourcecode.c.objc; name = AppDelegate.m; path = ../AppDelegate.m; sourceTree = "<group>"; };
		916CFB1E1A68288400E36306 /* Base */ = {isa = PBXFileReference; lastKnownFileType = file.storyboard; name = Base; path = Base.lproj/Main.storyboard; sourceTree = "<group>"; };
		916CFB201A68288400E36306 /* Images.xcassets */ = {isa = PBXFileReference; lastKnownFileType = folder.assetcatalog; path = Images.xcassets; sourceTree = "<group>"; };
		916CFB291A68288400E36306 /* TeadsSDKDemoTests.xctest */ = {isa = PBXFileReference; explicitFileType = wrapper.cfbundle; includeInIndex = 0; path = TeadsSDKDemoTests.xctest; sourceTree = BUILT_PRODUCTS_DIR; };
		916CFB2E1A68288400E36306 /* Info.plist */ = {isa = PBXFileReference; lastKnownFileType = text.plist.xml; path = Info.plist; sourceTree = "<group>"; };
		916CFB2F1A68288400E36306 /* TeadsSDKDemoTests.m */ = {isa = PBXFileReference; lastKnownFileType = sourcecode.c.objc; path = TeadsSDKDemoTests.m; sourceTree = "<group>"; };
		916CFB3D1A68303700E36306 /* MainViewController.h */ = {isa = PBXFileReference; fileEncoding = 4; lastKnownFileType = sourcecode.c.h; path = MainViewController.h; sourceTree = "<group>"; };
		916CFB3E1A68303700E36306 /* MainViewController.m */ = {isa = PBXFileReference; fileEncoding = 4; lastKnownFileType = sourcecode.c.objc; path = MainViewController.m; sourceTree = "<group>"; };
		918A90221A76407400CC4C52 /* arrow_up.png */ = {isa = PBXFileReference; lastKnownFileType = image.png; path = arrow_up.png; sourceTree = "<group>"; };
		918A90231A76407400CC4C52 /* arrow_up@2x.png */ = {isa = PBXFileReference; lastKnownFileType = image.png; path = "arrow_up@2x.png"; sourceTree = "<group>"; };
		918A90241A76407400CC4C52 /* arrow_up@3x.png */ = {isa = PBXFileReference; lastKnownFileType = image.png; path = "arrow_up@3x.png"; sourceTree = "<group>"; };
		919566D01A6D062400F5FB9B /* teads_grayed.png */ = {isa = PBXFileReference; lastKnownFileType = image.png; path = teads_grayed.png; sourceTree = "<group>"; };
		919566D11A6D062400F5FB9B /* teads_grayed@2x.png */ = {isa = PBXFileReference; lastKnownFileType = image.png; path = "teads_grayed@2x.png"; sourceTree = "<group>"; };
		919566D21A6D062400F5FB9B /* teads_grayed@3x.png */ = {isa = PBXFileReference; lastKnownFileType = image.png; path = "teads_grayed@3x.png"; sourceTree = "<group>"; };
		919567231A6D463200F5FB9B /* index.html */ = {isa = PBXFileReference; fileEncoding = 4; lastKnownFileType = text.html; path = index.html; sourceTree = "<group>"; };
		919567491A6E5BB400F5FB9B /* teads.png */ = {isa = PBXFileReference; lastKnownFileType = image.png; path = teads.png; sourceTree = "<group>"; };
		9195674A1A6E5BB400F5FB9B /* teads@2x.png */ = {isa = PBXFileReference; lastKnownFileType = image.png; path = "teads@2x.png"; sourceTree = "<group>"; };
		9195674B1A6E5BB400F5FB9B /* teads@3x.png */ = {isa = PBXFileReference; lastKnownFileType = image.png; path = "teads@3x.png"; sourceTree = "<group>"; };
		919567571A6E8EB500F5FB9B /* arrow_down.png */ = {isa = PBXFileReference; lastKnownFileType = image.png; path = arrow_down.png; sourceTree = "<group>"; };
		919567581A6E8EB500F5FB9B /* arrow_down@2x.png */ = {isa = PBXFileReference; lastKnownFileType = image.png; path = "arrow_down@2x.png"; sourceTree = "<group>"; };
		919567591A6E8EB500F5FB9B /* arrow_down@3x.png */ = {isa = PBXFileReference; lastKnownFileType = image.png; path = "arrow_down@3x.png"; sourceTree = "<group>"; };
		91AB35B51C46BAAE00BAB5D1 /* AVFoundation.framework */ = {isa = PBXFileReference; lastKnownFileType = wrapper.framework; name = AVFoundation.framework; path = System/Library/Frameworks/AVFoundation.framework; sourceTree = SDKROOT; };
		91AB35B71C46BAB600BAB5D1 /* CoreTelephony.framework */ = {isa = PBXFileReference; lastKnownFileType = wrapper.framework; name = CoreTelephony.framework; path = System/Library/Frameworks/CoreTelephony.framework; sourceTree = SDKROOT; };
		91AB35B91C46BAC000BAB5D1 /* CoreMedia.framework */ = {isa = PBXFileReference; lastKnownFileType = wrapper.framework; name = CoreMedia.framework; path = System/Library/Frameworks/CoreMedia.framework; sourceTree = SDKROOT; };
		91AB35BB1C46BAC600BAB5D1 /* AdSupport.framework */ = {isa = PBXFileReference; lastKnownFileType = wrapper.framework; name = AdSupport.framework; path = System/Library/Frameworks/AdSupport.framework; sourceTree = SDKROOT; };
		91AB35BD1C46BACD00BAB5D1 /* CoreLocation.framework */ = {isa = PBXFileReference; lastKnownFileType = wrapper.framework; name = CoreLocation.framework; path = System/Library/Frameworks/CoreLocation.framework; sourceTree = SDKROOT; };
		91AB35C21C46BB2100BAB5D1 /* SystemConfiguration.framework */ = {isa = PBXFileReference; lastKnownFileType = wrapper.framework; name = SystemConfiguration.framework; path = System/Library/Frameworks/SystemConfiguration.framework; sourceTree = SDKROOT; };
		91AB35D51C46C27D00BAB5D1 /* TeadsSDK.framework */ = {isa = PBXFileReference; lastKnownFileType = wrapper.framework; path = TeadsSDK.framework; sourceTree = "<group>"; };
		91B565D21BFB3B4700347185 /* DemoUtils.h */ = {isa = PBXFileReference; fileEncoding = 4; lastKnownFileType = sourcecode.c.h; path = DemoUtils.h; sourceTree = "<group>"; };
		91B565D31BFB3B4700347185 /* DemoUtils.m */ = {isa = PBXFileReference; fileEncoding = 4; lastKnownFileType = sourcecode.c.objc; path = DemoUtils.m; sourceTree = "<group>"; };
		91E125BB1C64B7AA0095F327 /* InReadTopScrollViewController.h */ = {isa = PBXFileReference; fileEncoding = 4; lastKnownFileType = sourcecode.c.h; path = InReadTopScrollViewController.h; sourceTree = "<group>"; };
		91E125BC1C64B7AA0095F327 /* InReadTopScrollViewController.m */ = {isa = PBXFileReference; fileEncoding = 4; lastKnownFileType = sourcecode.c.objc; path = InReadTopScrollViewController.m; sourceTree = "<group>"; };
		91E125BD1C64B7AA0095F327 /* InReadTopTableViewController.h */ = {isa = PBXFileReference; fileEncoding = 4; lastKnownFileType = sourcecode.c.h; path = InReadTopTableViewController.h; sourceTree = "<group>"; };
		91E125BE1C64B7AA0095F327 /* InReadTopTableViewController.m */ = {isa = PBXFileReference; fileEncoding = 4; lastKnownFileType = sourcecode.c.objc; path = InReadTopTableViewController.m; sourceTree = "<group>"; };
		91E125BF1C64B7AA0095F327 /* InReadTopWebViewController.h */ = {isa = PBXFileReference; fileEncoding = 4; lastKnownFileType = sourcecode.c.h; path = InReadTopWebViewController.h; sourceTree = "<group>"; };
		91E125C01C64B7AA0095F327 /* InReadTopWebViewController.m */ = {isa = PBXFileReference; fileEncoding = 4; lastKnownFileType = sourcecode.c.objc; path = InReadTopWebViewController.m; sourceTree = "<group>"; };
		91E125C11C64B7AA0095F327 /* InReadTopWKWebView.h */ = {isa = PBXFileReference; fileEncoding = 4; lastKnownFileType = sourcecode.c.h; path = InReadTopWKWebView.h; sourceTree = "<group>"; };
		91E125C21C64B7AA0095F327 /* InReadTopWKWebView.m */ = {isa = PBXFileReference; fileEncoding = 4; lastKnownFileType = sourcecode.c.objc; path = InReadTopWKWebView.m; sourceTree = "<group>"; };
		91E6359F1DDB081C00525579 /* CustomAdCollectionViewController.h */ = {isa = PBXFileReference; fileEncoding = 4; lastKnownFileType = sourcecode.c.h; path = CustomAdCollectionViewController.h; sourceTree = "<group>"; };
		91E635A01DDB081C00525579 /* CustomAdCollectionViewController.m */ = {isa = PBXFileReference; fileEncoding = 4; lastKnownFileType = sourcecode.c.objc; path = CustomAdCollectionViewController.m; sourceTree = "<group>"; };
		91E635A21DDB0AAE00525579 /* CustomCollectionViewCell.h */ = {isa = PBXFileReference; fileEncoding = 4; lastKnownFileType = sourcecode.c.h; name = CustomCollectionViewCell.h; path = "../Demo Pages/inRead/CustomCollectionViewCell.h"; sourceTree = "<group>"; };
		91E635A31DDB0AAE00525579 /* CustomCollectionViewCell.m */ = {isa = PBXFileReference; fileEncoding = 4; lastKnownFileType = sourcecode.c.objc; name = CustomCollectionViewCell.m; path = "../Demo Pages/inRead/CustomCollectionViewCell.m"; sourceTree = "<group>"; };
		91E635A51DDB17B600525579 /* InReadTopCollectionViewController.h */ = {isa = PBXFileReference; fileEncoding = 4; lastKnownFileType = sourcecode.c.h; path = InReadTopCollectionViewController.h; sourceTree = "<group>"; };
		91E635A61DDB17B600525579 /* InReadTopCollectionViewController.m */ = {isa = PBXFileReference; fileEncoding = 4; lastKnownFileType = sourcecode.c.objc; path = InReadTopCollectionViewController.m; sourceTree = "<group>"; };
		91E792851C47A8D80080DD03 /* MediaPlayer.framework */ = {isa = PBXFileReference; lastKnownFileType = wrapper.framework; name = MediaPlayer.framework; path = System/Library/Frameworks/MediaPlayer.framework; sourceTree = SDKROOT; };
		91F581DB1A710A22007D70AC /* arrow_left@2x.png */ = {isa = PBXFileReference; lastKnownFileType = image.png; path = "arrow_left@2x.png"; sourceTree = "<group>"; };
		91F581DD1A710A29007D70AC /* arrow_right@2x.png */ = {isa = PBXFileReference; lastKnownFileType = image.png; path = "arrow_right@2x.png"; sourceTree = "<group>"; };
/* End PBXFileReference section */

/* Begin PBXFrameworksBuildPhase section */
		916CFB0D1A68288400E36306 /* Frameworks */ = {
			isa = PBXFrameworksBuildPhase;
			buildActionMask = 2147483647;
			files = (
				91E792861C47A8D80080DD03 /* MediaPlayer.framework in Frameworks */,
				91AB35BC1C46BAC600BAB5D1 /* AdSupport.framework in Frameworks */,
				91AB35BF1C46BAF700BAB5D1 /* AVFoundation.framework in Frameworks */,
				91AB35BE1C46BACD00BAB5D1 /* CoreLocation.framework in Frameworks */,
				91AB35C41C46BB5400BAB5D1 /* CoreMedia.framework in Frameworks */,
				91AB35B81C46BAB600BAB5D1 /* CoreTelephony.framework in Frameworks */,
				91AB35C31C46BB2100BAB5D1 /* SystemConfiguration.framework in Frameworks */,
				91066C0B1C2B1531003E845F /* WebKit.framework in Frameworks */,
				91AB35D61C46C27D00BAB5D1 /* TeadsSDK.framework in Frameworks */,
				914E2BA51BBC23CE001D6A83 /* libxml2.tbd in Frameworks */,
			);
			runOnlyForDeploymentPostprocessing = 0;
		};
		916CFB261A68288400E36306 /* Frameworks */ = {
			isa = PBXFrameworksBuildPhase;
			buildActionMask = 2147483647;
			files = (
				91AB35D81C46C27D00BAB5D1 /* TeadsSDK.framework in Frameworks */,
			);
			runOnlyForDeploymentPostprocessing = 0;
		};
/* End PBXFrameworksBuildPhase section */

/* Begin PBXGroup section */
		910CB4401A695900005E6711 /* inRead */ = {
			isa = PBXGroup;
			children = (
				910CB44A1A695933005E6711 /* InReadScrollViewController.h */,
				910CB44B1A695933005E6711 /* InReadScrollViewController.m */,
				910CB44C1A695933005E6711 /* InReadTableViewController.h */,
				910CB44D1A695933005E6711 /* InReadTableViewController.m */,
				910CB44E1A695933005E6711 /* InReadWebViewController.h */,
				910CB44F1A695933005E6711 /* InReadWebViewController.m */,
				91066C0F1C2B15F2003E845F /* InReadWKWebview.h */,
				91066C101C2B15F2003E845F /* InReadWKWebview.m */,
				913CED761B67C3590058623A /* CustomAdScrollViewController.h */,
				913CED771B67C3590058623A /* CustomAdScrollViewController.m */,
				91E6359F1DDB081C00525579 /* CustomAdCollectionViewController.h */,
				91E635A01DDB081C00525579 /* CustomAdCollectionViewController.m */,
			);
			path = inRead;
			sourceTree = "<group>";
		};
		91317C881A8CFC7A00B68D82 /* Resources */ = {
			isa = PBXGroup;
			children = (
				019381DF1C2C4F7C00A8FE14 /* TeadsSDKResources.bundle */,
			);
			path = Resources;
			sourceTree = "<group>";
		};
		91566E651E784427008AF47F /* inRead_multi */ = {
			isa = PBXGroup;
			children = (
				91566E661E78451B008AF47F /* MultiCustomAdCollectionViewController.h */,
				91566E671E78451B008AF47F /* MultiCustomAdCollectionViewController.m */,
			);
			path = inRead_multi;
			sourceTree = "<group>";
		};
		916CFB071A68288400E36306 = {
			isa = PBXGroup;
			children = (
				916CFB121A68288400E36306 /* TeadsSDKDemo */,
				9195673F1A6D49F400F5FB9B /* Frameworks */,
				916CFB2C1A68288400E36306 /* TeadsSDKDemoTests */,
				916CFB111A68288400E36306 /* Products */,
				01A4E72C1B46826F005D381E /* TeadsSDKDemo copy-Info.plist */,
			);
			sourceTree = "<group>";
		};
		916CFB111A68288400E36306 /* Products */ = {
			isa = PBXGroup;
			children = (
				916CFB101A68288400E36306 /* TeadsSDKDemo.app */,
				916CFB291A68288400E36306 /* TeadsSDKDemoTests.xctest */,
			);
			name = Products;
			sourceTree = "<group>";
		};
		916CFB121A68288400E36306 /* TeadsSDKDemo */ = {
			isa = PBXGroup;
			children = (
				916CFB401A68304900E36306 /* Demo Pages */,
				916CFB201A68288400E36306 /* Images.xcassets */,
				916CFB3C1A68303700E36306 /* Intern */,
				91317C881A8CFC7A00B68D82 /* Resources */,
				916CFB131A68288400E36306 /* Supporting Files */,
			);
			path = TeadsSDKDemo;
			sourceTree = "<group>";
		};
		916CFB131A68288400E36306 /* Supporting Files */ = {
			isa = PBXGroup;
			children = (
				916CFB141A68288400E36306 /* Info.plist */,
				916CFB151A68288400E36306 /* main.m */,
			);
			name = "Supporting Files";
			sourceTree = "<group>";
		};
		916CFB2C1A68288400E36306 /* TeadsSDKDemoTests */ = {
			isa = PBXGroup;
			children = (
				916CFB2F1A68288400E36306 /* TeadsSDKDemoTests.m */,
				916CFB2D1A68288400E36306 /* Supporting Files */,
			);
			path = TeadsSDKDemoTests;
			sourceTree = "<group>";
		};
		916CFB2D1A68288400E36306 /* Supporting Files */ = {
			isa = PBXGroup;
			children = (
				916CFB2E1A68288400E36306 /* Info.plist */,
			);
			name = "Supporting Files";
			sourceTree = "<group>";
		};
		916CFB3C1A68303700E36306 /* Intern */ = {
			isa = PBXGroup;
			children = (
				916CFB1D1A68288400E36306 /* Main.storyboard */,
				916CFB171A68288400E36306 /* AppDelegate.h */,
				916CFB181A68288400E36306 /* AppDelegate.m */,
				91B565D21BFB3B4700347185 /* DemoUtils.h */,
				91B565D31BFB3B4700347185 /* DemoUtils.m */,
				916CFB3D1A68303700E36306 /* MainViewController.h */,
				916CFB3E1A68303700E36306 /* MainViewController.m */,
				91E635A21DDB0AAE00525579 /* CustomCollectionViewCell.h */,
				91E635A31DDB0AAE00525579 /* CustomCollectionViewCell.m */,
				919566CF1A6D061B00F5FB9B /* Images */,
				919567041A6D463200F5FB9B /* webview */,
			);
			path = Intern;
			sourceTree = "<group>";
		};
		916CFB401A68304900E36306 /* Demo Pages */ = {
			isa = PBXGroup;
			children = (
				91566E651E784427008AF47F /* inRead_multi */,
				91E125BA1C64B7AA0095F327 /* inRead Top */,
				910CB4401A695900005E6711 /* inRead */,
			);
			path = "Demo Pages";
			sourceTree = "<group>";
		};
		919566CF1A6D061B00F5FB9B /* Images */ = {
			isa = PBXGroup;
			children = (
				919567571A6E8EB500F5FB9B /* arrow_down.png */,
				919567581A6E8EB500F5FB9B /* arrow_down@2x.png */,
				919567591A6E8EB500F5FB9B /* arrow_down@3x.png */,
				913B3BF01A70F509008E3E30 /* arrow_left.png */,
				91F581DB1A710A22007D70AC /* arrow_left@2x.png */,
				913B3BEE1A70F495008E3E30 /* arrow_right.png */,
				91F581DD1A710A29007D70AC /* arrow_right@2x.png */,
				918A90221A76407400CC4C52 /* arrow_up.png */,
				918A90231A76407400CC4C52 /* arrow_up@2x.png */,
				918A90241A76407400CC4C52 /* arrow_up@3x.png */,
				919567491A6E5BB400F5FB9B /* teads.png */,
				9195674A1A6E5BB400F5FB9B /* teads@2x.png */,
				9195674B1A6E5BB400F5FB9B /* teads@3x.png */,
				919566D01A6D062400F5FB9B /* teads_grayed.png */,
				919566D11A6D062400F5FB9B /* teads_grayed@2x.png */,
				919566D21A6D062400F5FB9B /* teads_grayed@3x.png */,
			);
			path = Images;
			sourceTree = "<group>";
		};
		919567041A6D463200F5FB9B /* webview */ = {
			isa = PBXGroup;
			children = (
				919567231A6D463200F5FB9B /* index.html */,
			);
			path = webview;
			sourceTree = "<group>";
		};
		9195673F1A6D49F400F5FB9B /* Frameworks */ = {
			isa = PBXGroup;
			children = (
				91E792851C47A8D80080DD03 /* MediaPlayer.framework */,
				91AB35D51C46C27D00BAB5D1 /* TeadsSDK.framework */,
				91AB35C21C46BB2100BAB5D1 /* SystemConfiguration.framework */,
				91AB35BD1C46BACD00BAB5D1 /* CoreLocation.framework */,
				91AB35BB1C46BAC600BAB5D1 /* AdSupport.framework */,
				91AB35B91C46BAC000BAB5D1 /* CoreMedia.framework */,
				91AB35B71C46BAB600BAB5D1 /* CoreTelephony.framework */,
				91AB35B51C46BAAE00BAB5D1 /* AVFoundation.framework */,
				01E490BA1C31788200167A39 /* WebKit.framework */,
				91066C0A1C2B1531003E845F /* WebKit.framework */,
				914E2BA41BBC23CE001D6A83 /* libxml2.tbd */,
				01A4E7311B46848F005D381E /* CFNetwork.framework */,
				01A4E72F1B468478005D381E /* calabash.framework */,
			);
			name = Frameworks;
			path = TeadsSDKDemo;
			sourceTree = "<group>";
		};
		91E125BA1C64B7AA0095F327 /* inRead Top */ = {
			isa = PBXGroup;
			children = (
				91E125BB1C64B7AA0095F327 /* InReadTopScrollViewController.h */,
				91E125BC1C64B7AA0095F327 /* InReadTopScrollViewController.m */,
				91E125BD1C64B7AA0095F327 /* InReadTopTableViewController.h */,
				91E125BE1C64B7AA0095F327 /* InReadTopTableViewController.m */,
				91E125BF1C64B7AA0095F327 /* InReadTopWebViewController.h */,
				91E125C01C64B7AA0095F327 /* InReadTopWebViewController.m */,
				91E125C11C64B7AA0095F327 /* InReadTopWKWebView.h */,
				91E125C21C64B7AA0095F327 /* InReadTopWKWebView.m */,
				91E635A51DDB17B600525579 /* InReadTopCollectionViewController.h */,
				91E635A61DDB17B600525579 /* InReadTopCollectionViewController.m */,
			);
			path = "inRead Top";
			sourceTree = "<group>";
		};
/* End PBXGroup section */

/* Begin PBXNativeTarget section */
		916CFB0F1A68288400E36306 /* TeadsSDKDemo */ = {
			isa = PBXNativeTarget;
			buildConfigurationList = 916CFB331A68288400E36306 /* Build configuration list for PBXNativeTarget "TeadsSDKDemo" */;
			buildPhases = (
				916CFB0C1A68288400E36306 /* Sources */,
				916CFB0D1A68288400E36306 /* Frameworks */,
				916CFB0E1A68288400E36306 /* Resources */,
				912B443A1A852A8700E5AE23 /* CopyFiles */,
				912B443E1A852B5D00E5AE23 /* Embed Frameworks */,
			);
			buildRules = (
			);
			dependencies = (
			);
			name = TeadsSDKDemo;
			productName = TeadsSDKDemo;
			productReference = 916CFB101A68288400E36306 /* TeadsSDKDemo.app */;
			productType = "com.apple.product-type.application";
		};
		916CFB281A68288400E36306 /* TeadsSDKDemoTests */ = {
			isa = PBXNativeTarget;
			buildConfigurationList = 916CFB361A68288400E36306 /* Build configuration list for PBXNativeTarget "TeadsSDKDemoTests" */;
			buildPhases = (
				916CFB251A68288400E36306 /* Sources */,
				916CFB261A68288400E36306 /* Frameworks */,
				916CFB271A68288400E36306 /* Resources */,
			);
			buildRules = (
			);
			dependencies = (
				916CFB2B1A68288400E36306 /* PBXTargetDependency */,
			);
			name = TeadsSDKDemoTests;
			productName = TeadsSDKDemoTests;
			productReference = 916CFB291A68288400E36306 /* TeadsSDKDemoTests.xctest */;
			productType = "com.apple.product-type.bundle.unit-test";
		};
/* End PBXNativeTarget section */

/* Begin PBXProject section */
		916CFB081A68288400E36306 /* Project object */ = {
			isa = PBXProject;
			attributes = {
				LastUpgradeCheck = 0810;
				ORGANIZATIONNAME = Teads;
				TargetAttributes = {
					916CFB0F1A68288400E36306 = {
						CreatedOnToolsVersion = 6.1.1;
					};
					916CFB281A68288400E36306 = {
						CreatedOnToolsVersion = 6.1.1;
						TestTargetID = 916CFB0F1A68288400E36306;
					};
				};
			};
			buildConfigurationList = 916CFB0B1A68288400E36306 /* Build configuration list for PBXProject "TeadsSDKDemo" */;
			compatibilityVersion = "Xcode 3.2";
			developmentRegion = English;
			hasScannedForEncodings = 0;
			knownRegions = (
				en,
				Base,
			);
			mainGroup = 916CFB071A68288400E36306;
			productRefGroup = 916CFB111A68288400E36306 /* Products */;
			projectDirPath = "";
			projectRoot = "";
			targets = (
				916CFB0F1A68288400E36306 /* TeadsSDKDemo */,
				916CFB281A68288400E36306 /* TeadsSDKDemoTests */,
			);
		};
/* End PBXProject section */

/* Begin PBXResourcesBuildPhase section */
		916CFB0E1A68288400E36306 /* Resources */ = {
			isa = PBXResourcesBuildPhase;
			buildActionMask = 2147483647;
			files = (
				916CFB211A68288400E36306 /* Images.xcassets in Resources */,
				019381E01C2C4F7C00A8FE14 /* TeadsSDKResources.bundle in Resources */,
				913B3BEF1A70F495008E3E30 /* arrow_right.png in Resources */,
				9195675A1A6E8EB500F5FB9B /* arrow_down.png in Resources */,
				9195675B1A6E8EB500F5FB9B /* arrow_down@2x.png in Resources */,
				919566D41A6D062400F5FB9B /* teads_grayed@2x.png in Resources */,
				918A90271A76407400CC4C52 /* arrow_up@3x.png in Resources */,
				918A90261A76407400CC4C52 /* arrow_up@2x.png in Resources */,
				916CFB1F1A68288400E36306 /* Main.storyboard in Resources */,
				9195675C1A6E8EB500F5FB9B /* arrow_down@3x.png in Resources */,
				918A90251A76407400CC4C52 /* arrow_up.png in Resources */,
				9195674C1A6E5BB400F5FB9B /* teads.png in Resources */,
				9195673D1A6D463200F5FB9B /* index.html in Resources */,
				913B3BF11A70F509008E3E30 /* arrow_left.png in Resources */,
				919566D31A6D062400F5FB9B /* teads_grayed.png in Resources */,
				9195674E1A6E5BB400F5FB9B /* teads@3x.png in Resources */,
				919566D51A6D062400F5FB9B /* teads_grayed@3x.png in Resources */,
				9195674D1A6E5BB400F5FB9B /* teads@2x.png in Resources */,
			);
			runOnlyForDeploymentPostprocessing = 0;
		};
		916CFB271A68288400E36306 /* Resources */ = {
			isa = PBXResourcesBuildPhase;
			buildActionMask = 2147483647;
			files = (
			);
			runOnlyForDeploymentPostprocessing = 0;
		};
/* End PBXResourcesBuildPhase section */

/* Begin PBXSourcesBuildPhase section */
		916CFB0C1A68288400E36306 /* Sources */ = {
			isa = PBXSourcesBuildPhase;
			buildActionMask = 2147483647;
			files = (
				91066C121C2B162D003E845F /* DemoUtils.m in Sources */,
				91E125C71C64B7AA0095F327 /* InReadTopWebViewController.m in Sources */,
				91E125C91C64B7AA0095F327 /* InReadTopWKWebView.m in Sources */,
				910CB4521A695933005E6711 /* InReadWebViewController.m in Sources */,
				91E125C31C64B7AA0095F327 /* InReadTopScrollViewController.m in Sources */,
				913CED781B67C3590058623A /* CustomAdScrollViewController.m in Sources */,
				910CB4501A695933005E6711 /* InReadScrollViewController.m in Sources */,
				91E635A71DDB17B600525579 /* InReadTopCollectionViewController.m in Sources */,
				916CFB191A68288400E36306 /* AppDelegate.m in Sources */,
				91E125C51C64B7AA0095F327 /* InReadTopTableViewController.m in Sources */,
				91E635A41DDB0AAE00525579 /* CustomCollectionViewCell.m in Sources */,
				91566E681E78451B008AF47F /* MultiCustomAdCollectionViewController.m in Sources */,
				910CB4511A695933005E6711 /* InReadTableViewController.m in Sources */,
				91066C111C2B15F2003E845F /* InReadWKWebview.m in Sources */,
				916CFB161A68288400E36306 /* main.m in Sources */,
				91E635A11DDB081C00525579 /* CustomAdCollectionViewController.m in Sources */,
				916CFB3F1A68303700E36306 /* MainViewController.m in Sources */,
			);
			runOnlyForDeploymentPostprocessing = 0;
		};
		916CFB251A68288400E36306 /* Sources */ = {
			isa = PBXSourcesBuildPhase;
			buildActionMask = 2147483647;
			files = (
				916CFB301A68288400E36306 /* TeadsSDKDemoTests.m in Sources */,
			);
			runOnlyForDeploymentPostprocessing = 0;
		};
/* End PBXSourcesBuildPhase section */

/* Begin PBXTargetDependency section */
		916CFB2B1A68288400E36306 /* PBXTargetDependency */ = {
			isa = PBXTargetDependency;
			target = 916CFB0F1A68288400E36306 /* TeadsSDKDemo */;
			targetProxy = 916CFB2A1A68288400E36306 /* PBXContainerItemProxy */;
		};
/* End PBXTargetDependency section */

/* Begin PBXVariantGroup section */
		916CFB1D1A68288400E36306 /* Main.storyboard */ = {
			isa = PBXVariantGroup;
			children = (
				916CFB1E1A68288400E36306 /* Base */,
			);
			name = Main.storyboard;
			path = ..;
			sourceTree = "<group>";
		};
/* End PBXVariantGroup section */

/* Begin XCBuildConfiguration section */
		916CFB311A68288400E36306 /* Debug */ = {
			isa = XCBuildConfiguration;
			buildSettings = {
				ALWAYS_SEARCH_USER_PATHS = NO;
				CLANG_CXX_LANGUAGE_STANDARD = "gnu++0x";
				CLANG_CXX_LIBRARY = "libc++";
				CLANG_ENABLE_MODULES = YES;
				CLANG_ENABLE_OBJC_ARC = YES;
				CLANG_WARN_BOOL_CONVERSION = YES;
				CLANG_WARN_CONSTANT_CONVERSION = YES;
				CLANG_WARN_DIRECT_OBJC_ISA_USAGE = YES_ERROR;
				CLANG_WARN_EMPTY_BODY = YES;
				CLANG_WARN_ENUM_CONVERSION = YES;
				CLANG_WARN_INFINITE_RECURSION = YES;
				CLANG_WARN_INT_CONVERSION = YES;
				CLANG_WARN_OBJC_ROOT_CLASS = YES_ERROR;
				CLANG_WARN_SUSPICIOUS_MOVE = YES;
				CLANG_WARN_UNREACHABLE_CODE = YES;
				CLANG_WARN__DUPLICATE_METHOD_MATCH = YES;
				"CODE_SIGN_IDENTITY[sdk=iphoneos*]" = "iPhone Developer";
				COPY_PHASE_STRIP = NO;
				ENABLE_STRICT_OBJC_MSGSEND = YES;
				ENABLE_TESTABILITY = YES;
				GCC_C_LANGUAGE_STANDARD = gnu99;
				GCC_DYNAMIC_NO_PIC = NO;
				GCC_NO_COMMON_BLOCKS = YES;
				GCC_OPTIMIZATION_LEVEL = 0;
				GCC_PREPROCESSOR_DEFINITIONS = (
					"DEBUG=1",
					"$(inherited)",
				);
				GCC_SYMBOLS_PRIVATE_EXTERN = NO;
				GCC_WARN_64_TO_32_BIT_CONVERSION = YES;
				GCC_WARN_ABOUT_RETURN_TYPE = YES_ERROR;
				GCC_WARN_UNDECLARED_SELECTOR = YES;
				GCC_WARN_UNINITIALIZED_AUTOS = YES_AGGRESSIVE;
				GCC_WARN_UNUSED_FUNCTION = YES;
				GCC_WARN_UNUSED_VARIABLE = YES;
				IPHONEOS_DEPLOYMENT_TARGET = 8.1;
				MTL_ENABLE_DEBUG_INFO = YES;
				ONLY_ACTIVE_ARCH = YES;
				SDKROOT = iphoneos;
				TARGETED_DEVICE_FAMILY = "1,2";
			};
			name = Debug;
		};
		916CFB321A68288400E36306 /* Release */ = {
			isa = XCBuildConfiguration;
			buildSettings = {
				ALWAYS_SEARCH_USER_PATHS = NO;
				CLANG_CXX_LANGUAGE_STANDARD = "gnu++0x";
				CLANG_CXX_LIBRARY = "libc++";
				CLANG_ENABLE_MODULES = YES;
				CLANG_ENABLE_OBJC_ARC = YES;
				CLANG_WARN_BOOL_CONVERSION = YES;
				CLANG_WARN_CONSTANT_CONVERSION = YES;
				CLANG_WARN_DIRECT_OBJC_ISA_USAGE = YES_ERROR;
				CLANG_WARN_EMPTY_BODY = YES;
				CLANG_WARN_ENUM_CONVERSION = YES;
				CLANG_WARN_INFINITE_RECURSION = YES;
				CLANG_WARN_INT_CONVERSION = YES;
				CLANG_WARN_OBJC_ROOT_CLASS = YES_ERROR;
				CLANG_WARN_SUSPICIOUS_MOVE = YES;
				CLANG_WARN_UNREACHABLE_CODE = YES;
				CLANG_WARN__DUPLICATE_METHOD_MATCH = YES;
				"CODE_SIGN_IDENTITY[sdk=iphoneos*]" = "iPhone Developer";
				COPY_PHASE_STRIP = YES;
				ENABLE_NS_ASSERTIONS = NO;
				ENABLE_STRICT_OBJC_MSGSEND = YES;
				GCC_C_LANGUAGE_STANDARD = gnu99;
				GCC_NO_COMMON_BLOCKS = YES;
				GCC_WARN_64_TO_32_BIT_CONVERSION = YES;
				GCC_WARN_ABOUT_RETURN_TYPE = YES_ERROR;
				GCC_WARN_UNDECLARED_SELECTOR = YES;
				GCC_WARN_UNINITIALIZED_AUTOS = YES_AGGRESSIVE;
				GCC_WARN_UNUSED_FUNCTION = YES;
				GCC_WARN_UNUSED_VARIABLE = YES;
				IPHONEOS_DEPLOYMENT_TARGET = 8.1;
				MTL_ENABLE_DEBUG_INFO = NO;
				SDKROOT = iphoneos;
				TARGETED_DEVICE_FAMILY = "1,2";
				VALIDATE_PRODUCT = YES;
			};
			name = Release;
		};
		916CFB341A68288400E36306 /* Debug */ = {
			isa = XCBuildConfiguration;
			buildSettings = {
				ASSETCATALOG_COMPILER_APPICON_NAME = AppIcon;
				ASSETCATALOG_COMPILER_LAUNCHIMAGE_NAME = LaunchImage;
				CODE_SIGN_IDENTITY = "iPhone Developer";
				"CODE_SIGN_IDENTITY[sdk=iphoneos*]" = "iPhone Developer";
				FRAMEWORK_SEARCH_PATHS = (
					"$(inherited)",
					"$(PROJECT_DIR)/TeadsSDKDemo",
					"$(PROJECT_DIR)",
				);
				INFOPLIST_FILE = TeadsSDKDemo/Info.plist;
				IPHONEOS_DEPLOYMENT_TARGET = 8.0;
				LD_RUNPATH_SEARCH_PATHS = "$(inherited) @executable_path/Frameworks";
				LIBRARY_SEARCH_PATHS = (
					"$(inherited)",
					"$(PROJECT_DIR)/TeadsSDKDemo",
				);
				ONLY_ACTIVE_ARCH = NO;
				OTHER_LDFLAGS = "";
				PRODUCT_BUNDLE_IDENTIFIER = "tv.teads.$(PRODUCT_NAME:rfc1034identifier)";
				PRODUCT_NAME = "$(TARGET_NAME)";
				PROVISIONING_PROFILE = "";
			};
			name = Debug;
		};
		916CFB351A68288400E36306 /* Release */ = {
			isa = XCBuildConfiguration;
			buildSettings = {
				ASSETCATALOG_COMPILER_APPICON_NAME = AppIcon;
				ASSETCATALOG_COMPILER_LAUNCHIMAGE_NAME = LaunchImage;
				CODE_SIGN_IDENTITY = "iPhone Developer";
				"CODE_SIGN_IDENTITY[sdk=iphoneos*]" = "iPhone Developer";
				FRAMEWORK_SEARCH_PATHS = (
					"$(inherited)",
					"$(PROJECT_DIR)/TeadsSDKDemo",
					"$(PROJECT_DIR)",
				);
				INFOPLIST_FILE = TeadsSDKDemo/Info.plist;
				IPHONEOS_DEPLOYMENT_TARGET = 8.0;
				LD_RUNPATH_SEARCH_PATHS = "$(inherited) @executable_path/Frameworks";
				LIBRARY_SEARCH_PATHS = (
					"$(inherited)",
					"$(PROJECT_DIR)/TeadsSDKDemo",
				);
				OTHER_LDFLAGS = "";
				PRODUCT_BUNDLE_IDENTIFIER = "tv.teads.$(PRODUCT_NAME:rfc1034identifier)";
				PRODUCT_NAME = "$(TARGET_NAME)";
				PROVISIONING_PROFILE = "";
			};
			name = Release;
		};
		916CFB371A68288400E36306 /* Debug */ = {
			isa = XCBuildConfiguration;
			buildSettings = {
				BUNDLE_LOADER = "$(TEST_HOST)";
				DEBUG_INFORMATION_FORMAT = dwarf;
				FRAMEWORK_SEARCH_PATHS = (
					"$(PROJECT_DIR)",
					"$(inherited)",
					"$(PROJECT_DIR)/TeadsSDKDemo",
				);
				GCC_PREPROCESSOR_DEFINITIONS = (
					"DEBUG=1",
					"$(inherited)",
				);
				INFOPLIST_FILE = TeadsSDKDemoTests/Info.plist;
				LD_RUNPATH_SEARCH_PATHS = "$(inherited) @executable_path/Frameworks @loader_path/Frameworks";
				LIBRARY_SEARCH_PATHS = "$(inherited)";
				PRODUCT_BUNDLE_IDENTIFIER = "tv.teads.$(PRODUCT_NAME:rfc1034identifier)";
				PRODUCT_NAME = "$(TARGET_NAME)";
				TEST_HOST = "$(BUILT_PRODUCTS_DIR)/TeadsSDKDemo.app/TeadsSDKDemo";
			};
			name = Debug;
		};
		916CFB381A68288400E36306 /* Release */ = {
			isa = XCBuildConfiguration;
			buildSettings = {
				BUNDLE_LOADER = "$(TEST_HOST)";
				FRAMEWORK_SEARCH_PATHS = (
					"$(PROJECT_DIR)",
					"$(inherited)",
					"$(PROJECT_DIR)/TeadsSDKDemo",
				);
				INFOPLIST_FILE = TeadsSDKDemoTests/Info.plist;
				LD_RUNPATH_SEARCH_PATHS = "$(inherited) @executable_path/Frameworks @loader_path/Frameworks";
				LIBRARY_SEARCH_PATHS = "$(inherited)";
				PRODUCT_BUNDLE_IDENTIFIER = "tv.teads.$(PRODUCT_NAME:rfc1034identifier)";
				PRODUCT_NAME = "$(TARGET_NAME)";
				TEST_HOST = "$(BUILT_PRODUCTS_DIR)/TeadsSDKDemo.app/TeadsSDKDemo";
			};
			name = Release;
		};
/* End XCBuildConfiguration section */

/* Begin XCConfigurationList section */
		916CFB0B1A68288400E36306 /* Build configuration list for PBXProject "TeadsSDKDemo" */ = {
			isa = XCConfigurationList;
			buildConfigurations = (
				916CFB311A68288400E36306 /* Debug */,
				916CFB321A68288400E36306 /* Release */,
			);
			defaultConfigurationIsVisible = 0;
			defaultConfigurationName = Release;
		};
		916CFB331A68288400E36306 /* Build configuration list for PBXNativeTarget "TeadsSDKDemo" */ = {
			isa = XCConfigurationList;
			buildConfigurations = (
				916CFB341A68288400E36306 /* Debug */,
				916CFB351A68288400E36306 /* Release */,
			);
			defaultConfigurationIsVisible = 0;
			defaultConfigurationName = Release;
		};
		916CFB361A68288400E36306 /* Build configuration list for PBXNativeTarget "TeadsSDKDemoTests" */ = {
			isa = XCConfigurationList;
			buildConfigurations = (
				916CFB371A68288400E36306 /* Debug */,
				916CFB381A68288400E36306 /* Release */,
			);
			defaultConfigurationIsVisible = 0;
			defaultConfigurationName = Release;
		};
/* End XCConfigurationList section */
	};
	rootObject = 916CFB081A68288400E36306 /* Project object */;
}
