// !$*UTF8*$!
{
	archiveVersion = 1;
	classes = {
	};
	objectVersion = 46;
	objects = {

/* Begin PBXBuildFile section */
		0DA283A42157843A1F03E057 /* TeadsAppLovinAdapter in Frameworks */ = {isa = PBXBuildFile; productRef = A8E05D10503955D273C19395 /* TeadsAppLovinAdapter */; };
		14864F0AF1A358E3AA7EAA88 /* TeadsLogoView.swift in Sources */ = {isa = PBXBuildFile; fileRef = 6663E960DEB1F48D2040E66D /* TeadsLogoView.swift */; };
		1A44B410F31585EBC2D95762 /* AppLovinSDK in Frameworks */ = {isa = PBXBuildFile; productRef = 8A342C68BF8AEA2E71A31278 /* AppLovinSDK */; };
		2465E61D424E3E76FEF5C062 /* TeadsSwiftUITypeAliases.swift in Sources */ = {isa = PBXBuildFile; fileRef = 5D7CCC52F97309DCB34118AB /* TeadsSwiftUITypeAliases.swift */; };
		283C867C8B044B8593258EF5 /* bootstrap.js in Resources */ = {isa = PBXBuildFile; fileRef = 1D50EB58B6BCD4B51DD4B9E2 /* bootstrap.js */; };
		284D5C07967CFA8D9F9F0278 /* InReadDirectWebViewSample.swift in Sources */ = {isa = PBXBuildFile; fileRef = 7228E6F7EA2AAB3AFC4899E3 /* InReadDirectWebViewSample.swift */; };
		2A395D2D812472A0797CA593 /* RootCatalogView.swift in Sources */ = {isa = PBXBuildFile; fileRef = 257B5012139583F4B6770965 /* RootCatalogView.swift */; };
		49E9CA73E0904135BE28DA88 /* TeadsSASAdapter in Frameworks */ = {isa = PBXBuildFile; productRef = 52922596A6FDF546A2B8B910 /* TeadsSASAdapter */; };
		4F9A3BFCBE173265218325CC /* FeedDirectScrollViewSample.swift in Sources */ = {isa = PBXBuildFile; fileRef = 409E9B6E68FB19A5F7EC8BE6 /* FeedDirectScrollViewSample.swift */; };
		61730BA1A3AC6D60EA41A214 /* InReadDirectListSample.swift in Sources */ = {isa = PBXBuildFile; fileRef = 42D632CB57F04C455ABDB5C1 /* InReadDirectListSample.swift */; };
		62DC8EF7727F29700E4DFD5D /* BannerAdmobTableViewSample.swift in Sources */ = {isa = PBXBuildFile; fileRef = 5F3B672C3E88870B8D706720 /* BannerAdmobTableViewSample.swift */; };
		635A443BB4F8482A12A9FA36 /* TeadsWebViewHelper.swift in Sources */ = {isa = PBXBuildFile; fileRef = 7264BE3BC917DCF8F6CED523 /* TeadsWebViewHelper.swift */; };
		6479D2366538E9DF9900B08F /* ArticleContent.swift in Sources */ = {isa = PBXBuildFile; fileRef = B56600F0CCF64B168167D368 /* ArticleContent.swift */; };
		6A01937FF11A0754F71E77C5 /* GoogleMobileAds in Frameworks */ = {isa = PBXBuildFile; productRef = 189F5D308951BF275556268B /* GoogleMobileAds */; };
		6B47B14F007D0B400C0450EB /* InReadDirectScrollViewSample.swift in Sources */ = {isa = PBXBuildFile; fileRef = 31572EF1847CA785DE2F696F /* InReadDirectScrollViewSample.swift */; };
		7853099CAB30260E480347DB /* TeadsSwiftUISampleAppApp.swift in Sources */ = {isa = PBXBuildFile; fileRef = 41BB1B9959EB98BD44A9FEA6 /* TeadsSwiftUISampleAppApp.swift */; };
		86CE468D18FD97C8311D9B51 /* BannerDirectTableViewSample.swift in Sources */ = {isa = PBXBuildFile; fileRef = CC115A80205223FC892780B8 /* BannerDirectTableViewSample.swift */; };
		8A2F8D345069B3A9A0818231 /* RecommendationsDirectScrollViewSample.swift in Sources */ = {isa = PBXBuildFile; fileRef = 5E7915DA1D4B173687C0EB9A /* RecommendationsDirectScrollViewSample.swift */; };
		98BB5A7A00D5CE50342D0AFC /* BannerAdmobScrollViewSample.swift in Sources */ = {isa = PBXBuildFile; fileRef = A0E7E45EE1F993FF8F2E6EBA /* BannerAdmobScrollViewSample.swift */; };
		A001000000000000000C0101 /* TeadsColors.swift in Sources */ = {isa = PBXBuildFile; fileRef = A001000000000000000C0102 /* TeadsColors.swift */; };
		A002000000000000000C0201 /* TeadsBrandNavigationBar.swift in Sources */ = {isa = PBXBuildFile; fileRef = A002000000000000000C0202 /* TeadsBrandNavigationBar.swift */; };
		A003000000000000000C0301 /* RootCatalogComponents.swift in Sources */ = {isa = PBXBuildFile; fileRef = A003000000000000000C0302 /* RootCatalogComponents.swift */; };
		A101000000000000000C0001 /* CatalogModels.swift in Sources */ = {isa = PBXBuildFile; fileRef = A101000000000000000C0002 /* CatalogModels.swift */; };
		A102000000000000000C0001 /* CatalogViewModel.swift in Sources */ = {isa = PBXBuildFile; fileRef = A102000000000000000C0002 /* CatalogViewModel.swift */; };
		A103000000000000000C0001 /* CustomPIDAlert.swift in Sources */ = {isa = PBXBuildFile; fileRef = A103000000000000000C0002 /* CustomPIDAlert.swift */; };
		A104000000000000000C0001 /* SampleDestinationFactory.swift in Sources */ = {isa = PBXBuildFile; fileRef = A104000000000000000C0002 /* SampleDestinationFactory.swift */; };
		A105000000000000000C0001 /* WebViewArticleHTML.swift in Sources */ = {isa = PBXBuildFile; fileRef = A105000000000000000C0002 /* WebViewArticleHTML.swift */; };
		A106000000000000000C0001 /* InReadAdmobScrollViewSample.swift in Sources */ = {isa = PBXBuildFile; fileRef = A106000000000000000C0002 /* InReadAdmobScrollViewSample.swift */; };
		A107000000000000000C0001 /* InReadAdmobTableViewSample.swift in Sources */ = {isa = PBXBuildFile; fileRef = A107000000000000000C0002 /* InReadAdmobTableViewSample.swift */; };
		A108000000000000000C0001 /* InReadAdmobWebViewSample.swift in Sources */ = {isa = PBXBuildFile; fileRef = A108000000000000000C0002 /* InReadAdmobWebViewSample.swift */; };
		A109000000000000000C0001 /* InReadAppLovinScrollViewSample.swift in Sources */ = {isa = PBXBuildFile; fileRef = A109000000000000000C0002 /* InReadAppLovinScrollViewSample.swift */; };
		A110000000000000000C0001 /* InReadSASScrollViewSample.swift in Sources */ = {isa = PBXBuildFile; fileRef = A110000000000000000C0002 /* InReadSASScrollViewSample.swift */; };
		A111000000000000000C0001 /* InReadSASTableViewSample.swift in Sources */ = {isa = PBXBuildFile; fileRef = A111000000000000000C0002 /* InReadSASTableViewSample.swift */; };
		A112000000000000000C0001 /* AdMobBannerHost.swift in Sources */ = {isa = PBXBuildFile; fileRef = A112000000000000000C0002 /* AdMobBannerHost.swift */; };
		A113000000000000000C0001 /* SASBannerHost.swift in Sources */ = {isa = PBXBuildFile; fileRef = A113000000000000000C0002 /* SASBannerHost.swift */; };
		A114000000000000000C0001 /* AppLovinBannerHost.swift in Sources */ = {isa = PBXBuildFile; fileRef = A114000000000000000C0002 /* AppLovinBannerHost.swift */; };
		A115000000000000000C0001 /* TeadsNativeAdHost.swift in Sources */ = {isa = PBXBuildFile; fileRef = A115000000000000000C0002 /* TeadsNativeAdHost.swift */; };
		A116000000000000000C0001 /* NativeDirectTableViewSample.swift in Sources */ = {isa = PBXBuildFile; fileRef = A116000000000000000C0002 /* NativeDirectTableViewSample.swift */; };
		A117000000000000000C0001 /* NativeDirectCollectionViewSample.swift in Sources */ = {isa = PBXBuildFile; fileRef = A117000000000000000C0002 /* NativeDirectCollectionViewSample.swift */; };
		A118000000000000000C0001 /* NativeDirectTagTableViewSample.swift in Sources */ = {isa = PBXBuildFile; fileRef = A118000000000000000C0002 /* NativeDirectTagTableViewSample.swift */; };
		A119000000000000000C0001 /* NativeAdmobTableViewSample.swift in Sources */ = {isa = PBXBuildFile; fileRef = A119000000000000000C0002 /* NativeAdmobTableViewSample.swift */; };
		A120000000000000000C0001 /* NativeAppLovinTableViewSample.swift in Sources */ = {isa = PBXBuildFile; fileRef = A120000000000000000C0002 /* NativeAppLovinTableViewSample.swift */; };
		A121000000000000000C0001 /* NativeSASTableViewSample.swift in Sources */ = {isa = PBXBuildFile; fileRef = A121000000000000000C0002 /* NativeSASTableViewSample.swift */; };
		A122000000000000000C0001 /* InterstitialAdmobSample.swift in Sources */ = {isa = PBXBuildFile; fileRef = A122000000000000000C0002 /* InterstitialAdmobSample.swift */; };
		A123000000000000000C0001 /* MediaFeedShowcaseSample.swift in Sources */ = {isa = PBXBuildFile; fileRef = A123000000000000000C0002 /* MediaFeedShowcaseSample.swift */; };
		A26F1CBF9DBCA8E06A44C139 /* TeadsAdMobAdapter in Frameworks */ = {isa = PBXBuildFile; productRef = 4939EE9E6048261D29146443 /* TeadsAdMobAdapter */; };
		A4DA04C2E2C8F0671656D661 /* InReadDirectLazyVGridSample.swift in Sources */ = {isa = PBXBuildFile; fileRef = F78FFB81A7EE38B8958F68D5 /* InReadDirectLazyVGridSample.swift */; };
		A7EF5F832B6250777814F344 /* InReadDirectPagedTabViewSample.swift in Sources */ = {isa = PBXBuildFile; fileRef = C98D0703AEB711A339D52790 /* InReadDirectPagedTabViewSample.swift */; };
		AA42909AA29AA9196225F452 /* FeedDirectTableViewSample.swift in Sources */ = {isa = PBXBuildFile; fileRef = FD8F86DA2973C705208CA8CB /* FeedDirectTableViewSample.swift */; };
		ADD1105914E5E4A234AA8913 /* SASDisplayKit in Frameworks */ = {isa = PBXBuildFile; productRef = 2F7609CBF45945B9BA3FAC0A /* SASDisplayKit */; };
		B000AB508FCAE03C9A397C0F /* ArticleViews.swift in Sources */ = {isa = PBXBuildFile; fileRef = FB58D80AE43B8D98E6BD9C43 /* ArticleViews.swift */; };
		B711D9B1D67B411C2B91339F /* InterstitialDirectSample.swift in Sources */ = {isa = PBXBuildFile; fileRef = 39E1698144F51C16F64ADB60 /* InterstitialDirectSample.swift */; };
		BA9FFBF44521B42199C83747 /* TeadsRecommendationsView.swift in Sources */ = {isa = PBXBuildFile; fileRef = D2C581773B9115AF9D65F6AD /* TeadsRecommendationsView.swift */; };
		BADD8FD48D534A127FA27A42 /* TeadsSDK in Frameworks */ = {isa = PBXBuildFile; productRef = BCE8D13A90B4B5803A8EFDA2 /* TeadsSDK */; };
		BBEF5F60A5F6BF23C724BFCE /* SamplePID.swift in Sources */ = {isa = PBXBuildFile; fileRef = 08F0DD3A75428EE78E37BA1A /* SamplePID.swift */; };
		C6D7CC022ED3DB4F3CF4074D /* AnchoredBanner.swift in Sources */ = {isa = PBXBuildFile; fileRef = 5698A18F3729EBEDF4DBBA7E /* AnchoredBanner.swift */; };
		C984A82F8E25C524A417E77D /* Assets.xcassets in Resources */ = {isa = PBXBuildFile; fileRef = 696A3545A3DEB03ED6AFA944 /* Assets.xcassets */; };
		CB9C012771A37E51CA3B5283 /* BannerDirectScrollViewSample.swift in Sources */ = {isa = PBXBuildFile; fileRef = C9EB34A83A4187FB7D56864E /* BannerDirectScrollViewSample.swift */; };
		D424FAF6D05D9651462FD085 /* Foundation.framework in Frameworks */ = {isa = PBXBuildFile; fileRef = F43B1F28453F68D6A64A48C3 /* Foundation.framework */; };
		DC71C0B406F8F000320182FB /* RecommendationsDirectTableViewSample.swift in Sources */ = {isa = PBXBuildFile; fileRef = 38929292F1BCDEE814D6DEF2 /* RecommendationsDirectTableViewSample.swift */; };
/* End PBXBuildFile section */

/* Begin PBXFileReference section */
		08F0DD3A75428EE78E37BA1A /* SamplePID.swift */ = {isa = PBXFileReference; includeInIndex = 1; lastKnownFileType = sourcecode.swift; path = SamplePID.swift; sourceTree = "<group>"; };
		1D50EB58B6BCD4B51DD4B9E2 /* bootstrap.js */ = {isa = PBXFileReference; includeInIndex = 1; name = bootstrap.js; path = Resources/bootstrap.js; sourceTree = "<group>"; };
		257B5012139583F4B6770965 /* RootCatalogView.swift */ = {isa = PBXFileReference; includeInIndex = 1; lastKnownFileType = sourcecode.swift; path = RootCatalogView.swift; sourceTree = "<group>"; };
		31572EF1847CA785DE2F696F /* InReadDirectScrollViewSample.swift */ = {isa = PBXFileReference; includeInIndex = 1; lastKnownFileType = sourcecode.swift; path = InReadDirectScrollViewSample.swift; sourceTree = "<group>"; };
		38929292F1BCDEE814D6DEF2 /* RecommendationsDirectTableViewSample.swift */ = {isa = PBXFileReference; includeInIndex = 1; lastKnownFileType = sourcecode.swift; path = RecommendationsDirectTableViewSample.swift; sourceTree = "<group>"; };
		39E1698144F51C16F64ADB60 /* InterstitialDirectSample.swift */ = {isa = PBXFileReference; includeInIndex = 1; lastKnownFileType = sourcecode.swift; path = InterstitialDirectSample.swift; sourceTree = "<group>"; };
		409E9B6E68FB19A5F7EC8BE6 /* FeedDirectScrollViewSample.swift */ = {isa = PBXFileReference; includeInIndex = 1; lastKnownFileType = sourcecode.swift; path = FeedDirectScrollViewSample.swift; sourceTree = "<group>"; };
		41BB1B9959EB98BD44A9FEA6 /* TeadsSwiftUISampleAppApp.swift */ = {isa = PBXFileReference; includeInIndex = 1; lastKnownFileType = sourcecode.swift; path = TeadsSwiftUISampleAppApp.swift; sourceTree = "<group>"; };
		42D632CB57F04C455ABDB5C1 /* InReadDirectListSample.swift */ = {isa = PBXFileReference; includeInIndex = 1; lastKnownFileType = sourcecode.swift; path = InReadDirectListSample.swift; sourceTree = "<group>"; };
		5698A18F3729EBEDF4DBBA7E /* AnchoredBanner.swift */ = {isa = PBXFileReference; includeInIndex = 1; lastKnownFileType = sourcecode.swift; path = AnchoredBanner.swift; sourceTree = "<group>"; };
		5D7CCC52F97309DCB34118AB /* TeadsSwiftUITypeAliases.swift */ = {isa = PBXFileReference; includeInIndex = 1; lastKnownFileType = sourcecode.swift; path = TeadsSwiftUITypeAliases.swift; sourceTree = "<group>"; };
		5E7915DA1D4B173687C0EB9A /* RecommendationsDirectScrollViewSample.swift */ = {isa = PBXFileReference; includeInIndex = 1; lastKnownFileType = sourcecode.swift; path = RecommendationsDirectScrollViewSample.swift; sourceTree = "<group>"; };
		5F3B672C3E88870B8D706720 /* BannerAdmobTableViewSample.swift */ = {isa = PBXFileReference; includeInIndex = 1; lastKnownFileType = sourcecode.swift; path = BannerAdmobTableViewSample.swift; sourceTree = "<group>"; };
		6663E960DEB1F48D2040E66D /* TeadsLogoView.swift */ = {isa = PBXFileReference; includeInIndex = 1; lastKnownFileType = sourcecode.swift; path = TeadsLogoView.swift; sourceTree = "<group>"; };
		696A3545A3DEB03ED6AFA944 /* Assets.xcassets */ = {isa = PBXFileReference; includeInIndex = 1; lastKnownFileType = folder.assetcatalog; name = Assets.xcassets; path = Resources/Assets.xcassets; sourceTree = "<group>"; };
		704A37B753E211D54854D2DD /* Info.plist */ = {isa = PBXFileReference; includeInIndex = 1; lastKnownFileType = text.plist.xml; path = Info.plist; sourceTree = "<group>"; };
		7228E6F7EA2AAB3AFC4899E3 /* InReadDirectWebViewSample.swift */ = {isa = PBXFileReference; includeInIndex = 1; lastKnownFileType = sourcecode.swift; path = InReadDirectWebViewSample.swift; sourceTree = "<group>"; };
		7264BE3BC917DCF8F6CED523 /* TeadsWebViewHelper.swift */ = {isa = PBXFileReference; includeInIndex = 1; lastKnownFileType = sourcecode.swift; path = TeadsWebViewHelper.swift; sourceTree = "<group>"; };
		A001000000000000000C0102 /* TeadsColors.swift */ = {isa = PBXFileReference; includeInIndex = 1; lastKnownFileType = sourcecode.swift; path = TeadsColors.swift; sourceTree = "<group>"; };
		A002000000000000000C0202 /* TeadsBrandNavigationBar.swift */ = {isa = PBXFileReference; includeInIndex = 1; lastKnownFileType = sourcecode.swift; path = TeadsBrandNavigationBar.swift; sourceTree = "<group>"; };
		A003000000000000000C0302 /* RootCatalogComponents.swift */ = {isa = PBXFileReference; includeInIndex = 1; lastKnownFileType = sourcecode.swift; path = RootCatalogComponents.swift; sourceTree = "<group>"; };
		A0E7E45EE1F993FF8F2E6EBA /* BannerAdmobScrollViewSample.swift */ = {isa = PBXFileReference; includeInIndex = 1; lastKnownFileType = sourcecode.swift; path = BannerAdmobScrollViewSample.swift; sourceTree = "<group>"; };
		A101000000000000000C0002 /* CatalogModels.swift */ = {isa = PBXFileReference; includeInIndex = 1; lastKnownFileType = sourcecode.swift; path = CatalogModels.swift; sourceTree = "<group>"; };
		A102000000000000000C0002 /* CatalogViewModel.swift */ = {isa = PBXFileReference; includeInIndex = 1; lastKnownFileType = sourcecode.swift; path = CatalogViewModel.swift; sourceTree = "<group>"; };
		A103000000000000000C0002 /* CustomPIDAlert.swift */ = {isa = PBXFileReference; includeInIndex = 1; lastKnownFileType = sourcecode.swift; path = CustomPIDAlert.swift; sourceTree = "<group>"; };
		A104000000000000000C0002 /* SampleDestinationFactory.swift */ = {isa = PBXFileReference; includeInIndex = 1; lastKnownFileType = sourcecode.swift; path = SampleDestinationFactory.swift; sourceTree = "<group>"; };
		A105000000000000000C0002 /* WebViewArticleHTML.swift */ = {isa = PBXFileReference; includeInIndex = 1; lastKnownFileType = sourcecode.swift; path = WebViewArticleHTML.swift; sourceTree = "<group>"; };
		A106000000000000000C0002 /* InReadAdmobScrollViewSample.swift */ = {isa = PBXFileReference; includeInIndex = 1; lastKnownFileType = sourcecode.swift; path = InReadAdmobScrollViewSample.swift; sourceTree = "<group>"; };
		A107000000000000000C0002 /* InReadAdmobTableViewSample.swift */ = {isa = PBXFileReference; includeInIndex = 1; lastKnownFileType = sourcecode.swift; path = InReadAdmobTableViewSample.swift; sourceTree = "<group>"; };
		A108000000000000000C0002 /* InReadAdmobWebViewSample.swift */ = {isa = PBXFileReference; includeInIndex = 1; lastKnownFileType = sourcecode.swift; path = InReadAdmobWebViewSample.swift; sourceTree = "<group>"; };
		A109000000000000000C0002 /* InReadAppLovinScrollViewSample.swift */ = {isa = PBXFileReference; includeInIndex = 1; lastKnownFileType = sourcecode.swift; path = InReadAppLovinScrollViewSample.swift; sourceTree = "<group>"; };
		A110000000000000000C0002 /* InReadSASScrollViewSample.swift */ = {isa = PBXFileReference; includeInIndex = 1; lastKnownFileType = sourcecode.swift; path = InReadSASScrollViewSample.swift; sourceTree = "<group>"; };
		A111000000000000000C0002 /* InReadSASTableViewSample.swift */ = {isa = PBXFileReference; includeInIndex = 1; lastKnownFileType = sourcecode.swift; path = InReadSASTableViewSample.swift; sourceTree = "<group>"; };
		A112000000000000000C0002 /* AdMobBannerHost.swift */ = {isa = PBXFileReference; includeInIndex = 1; lastKnownFileType = sourcecode.swift; path = AdMobBannerHost.swift; sourceTree = "<group>"; };
		A113000000000000000C0002 /* SASBannerHost.swift */ = {isa = PBXFileReference; includeInIndex = 1; lastKnownFileType = sourcecode.swift; path = SASBannerHost.swift; sourceTree = "<group>"; };
		A114000000000000000C0002 /* AppLovinBannerHost.swift */ = {isa = PBXFileReference; includeInIndex = 1; lastKnownFileType = sourcecode.swift; path = AppLovinBannerHost.swift; sourceTree = "<group>"; };
		A115000000000000000C0002 /* TeadsNativeAdHost.swift */ = {isa = PBXFileReference; includeInIndex = 1; lastKnownFileType = sourcecode.swift; path = TeadsNativeAdHost.swift; sourceTree = "<group>"; };
		A116000000000000000C0002 /* NativeDirectTableViewSample.swift */ = {isa = PBXFileReference; includeInIndex = 1; lastKnownFileType = sourcecode.swift; path = NativeDirectTableViewSample.swift; sourceTree = "<group>"; };
		A117000000000000000C0002 /* NativeDirectCollectionViewSample.swift */ = {isa = PBXFileReference; includeInIndex = 1; lastKnownFileType = sourcecode.swift; path = NativeDirectCollectionViewSample.swift; sourceTree = "<group>"; };
		A118000000000000000C0002 /* NativeDirectTagTableViewSample.swift */ = {isa = PBXFileReference; includeInIndex = 1; lastKnownFileType = sourcecode.swift; path = NativeDirectTagTableViewSample.swift; sourceTree = "<group>"; };
		A119000000000000000C0002 /* NativeAdmobTableViewSample.swift */ = {isa = PBXFileReference; includeInIndex = 1; lastKnownFileType = sourcecode.swift; path = NativeAdmobTableViewSample.swift; sourceTree = "<group>"; };
		A120000000000000000C0002 /* NativeAppLovinTableViewSample.swift */ = {isa = PBXFileReference; includeInIndex = 1; lastKnownFileType = sourcecode.swift; path = NativeAppLovinTableViewSample.swift; sourceTree = "<group>"; };
		A121000000000000000C0002 /* NativeSASTableViewSample.swift */ = {isa = PBXFileReference; includeInIndex = 1; lastKnownFileType = sourcecode.swift; path = NativeSASTableViewSample.swift; sourceTree = "<group>"; };
		A122000000000000000C0002 /* InterstitialAdmobSample.swift */ = {isa = PBXFileReference; includeInIndex = 1; lastKnownFileType = sourcecode.swift; path = InterstitialAdmobSample.swift; sourceTree = "<group>"; };
		A123000000000000000C0002 /* MediaFeedShowcaseSample.swift */ = {isa = PBXFileReference; includeInIndex = 1; lastKnownFileType = sourcecode.swift; path = MediaFeedShowcaseSample.swift; sourceTree = "<group>"; };
		B56600F0CCF64B168167D368 /* ArticleContent.swift */ = {isa = PBXFileReference; includeInIndex = 1; lastKnownFileType = sourcecode.swift; path = ArticleContent.swift; sourceTree = "<group>"; };
		B8D85E4ACC538E3D5F543737 /* TeadsSwiftUISampleApp.app */ = {isa = PBXFileReference; explicitFileType = wrapper.application; includeInIndex = 0; path = TeadsSwiftUISampleApp.app; sourceTree = BUILT_PRODUCTS_DIR; };
		C98D0703AEB711A339D52790 /* InReadDirectPagedTabViewSample.swift */ = {isa = PBXFileReference; includeInIndex = 1; lastKnownFileType = sourcecode.swift; path = InReadDirectPagedTabViewSample.swift; sourceTree = "<group>"; };
		C9EB34A83A4187FB7D56864E /* BannerDirectScrollViewSample.swift */ = {isa = PBXFileReference; includeInIndex = 1; lastKnownFileType = sourcecode.swift; path = BannerDirectScrollViewSample.swift; sourceTree = "<group>"; };
		CC115A80205223FC892780B8 /* BannerDirectTableViewSample.swift */ = {isa = PBXFileReference; includeInIndex = 1; lastKnownFileType = sourcecode.swift; path = BannerDirectTableViewSample.swift; sourceTree = "<group>"; };
		D2C581773B9115AF9D65F6AD /* TeadsRecommendationsView.swift */ = {isa = PBXFileReference; includeInIndex = 1; lastKnownFileType = sourcecode.swift; path = TeadsRecommendationsView.swift; sourceTree = "<group>"; };
		F43B1F28453F68D6A64A48C3 /* Foundation.framework */ = {isa = PBXFileReference; lastKnownFileType = wrapper.framework; name = Foundation.framework; path = Platforms/iPhoneOS.platform/Developer/SDKs/iPhoneOS18.0.sdk/System/Library/Frameworks/Foundation.framework; sourceTree = DEVELOPER_DIR; };
		F78FFB81A7EE38B8958F68D5 /* InReadDirectLazyVGridSample.swift */ = {isa = PBXFileReference; includeInIndex = 1; lastKnownFileType = sourcecode.swift; path = InReadDirectLazyVGridSample.swift; sourceTree = "<group>"; };
		FB58D80AE43B8D98E6BD9C43 /* ArticleViews.swift */ = {isa = PBXFileReference; includeInIndex = 1; lastKnownFileType = sourcecode.swift; path = ArticleViews.swift; sourceTree = "<group>"; };
		FD8F86DA2973C705208CA8CB /* FeedDirectTableViewSample.swift */ = {isa = PBXFileReference; includeInIndex = 1; lastKnownFileType = sourcecode.swift; path = FeedDirectTableViewSample.swift; sourceTree = "<group>"; };
/* End PBXFileReference section */

/* Begin PBXFrameworksBuildPhase section */
		87656325C1519F036D5A84F3 /* Frameworks */ = {
			isa = PBXFrameworksBuildPhase;
			buildActionMask = 2147483647;
			files = (
				D424FAF6D05D9651462FD085 /* Foundation.framework in Frameworks */,
				6A01937FF11A0754F71E77C5 /* GoogleMobileAds in Frameworks */,
				1A44B410F31585EBC2D95762 /* AppLovinSDK in Frameworks */,
				ADD1105914E5E4A234AA8913 /* SASDisplayKit in Frameworks */,
				BADD8FD48D534A127FA27A42 /* TeadsSDK in Frameworks */,
				A26F1CBF9DBCA8E06A44C139 /* TeadsAdMobAdapter in Frameworks */,
				0DA283A42157843A1F03E057 /* TeadsAppLovinAdapter in Frameworks */,
				49E9CA73E0904135BE28DA88 /* TeadsSASAdapter in Frameworks */,
			);
			runOnlyForDeploymentPostprocessing = 0;
		};
/* End PBXFrameworksBuildPhase section */

/* Begin PBXGroup section */
		0BD1F8DC72B0782F86D3B912 /* Models */ = {
			isa = PBXGroup;
			children = (
				B56600F0CCF64B168167D368 /* ArticleContent.swift */,
				A101000000000000000C0002 /* CatalogModels.swift */,
				08F0DD3A75428EE78E37BA1A /* SamplePID.swift */,
			);
			name = Models;
			path = Models;
			sourceTree = "<group>";
		};
		0EBDA7FA9D589D63E0948CE5 /* Products */ = {
			isa = PBXGroup;
			children = (
				B8D85E4ACC538E3D5F543737 /* TeadsSwiftUISampleApp.app */,
			);
			name = Products;
			sourceTree = "<group>";
		};
		25EC1E7353E6C62F7145CE57 /* Direct */ = {
			isa = PBXGroup;
			children = (
				F78FFB81A7EE38B8958F68D5 /* InReadDirectLazyVGridSample.swift */,
				42D632CB57F04C455ABDB5C1 /* InReadDirectListSample.swift */,
				C98D0703AEB711A339D52790 /* InReadDirectPagedTabViewSample.swift */,
				31572EF1847CA785DE2F696F /* InReadDirectScrollViewSample.swift */,
				7228E6F7EA2AAB3AFC4899E3 /* InReadDirectWebViewSample.swift */,
			);
			name = Direct;
			path = Direct;
			sourceTree = "<group>";
		};
		3033C8088DF79451F9064A66 /* Helpers */ = {
			isa = PBXGroup;
			children = (
				FB58D80AE43B8D98E6BD9C43 /* ArticleViews.swift */,
			);
			name = Helpers;
			path = Helpers;
			sourceTree = "<group>";
		};
		43058B981CD46450A52DE052 /* Samples */ = {
			isa = PBXGroup;
			children = (
				A104000000000000000C0002 /* SampleDestinationFactory.swift */,
				EB358D7E54E17D5AF06EE80A /* InRead */,
				A301000000000000000A0000 /* Mediation */,
				A302000000000000000A0000 /* Native */,
				A303000000000000000A0000 /* Interstitial */,
				A304000000000000000A0000 /* Showcase */,
				5DB95BCF5509EF734C1F8738 /* Feed */,
				F8F2707578D86749CDB76099 /* Recommendations */,
				DCCB3367A7BDADA499E558C6 /* Banner */,
			);
			name = Samples;
			path = Samples;
			sourceTree = "<group>";
		};
		5DB95BCF5509EF734C1F8738 /* Feed */ = {
			isa = PBXGroup;
			children = (
				D9342FA8BB6F7B6BCE08631E /* Direct */,
			);
			name = Feed;
			path = Feed;
			sourceTree = "<group>";
		};
		6B49895A33D2868AE5072E6E /* Admob */ = {
			isa = PBXGroup;
			children = (
				A0E7E45EE1F993FF8F2E6EBA /* BannerAdmobScrollViewSample.swift */,
				5F3B672C3E88870B8D706720 /* BannerAdmobTableViewSample.swift */,
			);
			name = Admob;
			path = Admob;
			sourceTree = "<group>";
		};
		742C449C8201B4D9C769FCFB /* SDKExtensions */ = {
			isa = PBXGroup;
			children = (
				5D7CCC52F97309DCB34118AB /* TeadsSwiftUITypeAliases.swift */,
				D2C581773B9115AF9D65F6AD /* TeadsRecommendationsView.swift */,
			);
			name = SDKExtensions;
			path = SDKExtensions;
			sourceTree = "<group>";
		};
		84F77FB762E7B4A844BFA16E = {
			isa = PBXGroup;
			children = (
				0EBDA7FA9D589D63E0948CE5 /* Products */,
				EE62296142E2C4383DA164B9 /* Frameworks */,
				ACD87A98A76D2784F4B45B5F /* TeadsSwiftUISampleApp */,
				D169BB4363840EBEE33DEA54 /* Shared */,
			);
			sourceTree = "<group>";
		};
		877FEE5D96BA28F5FD9D3BAE /* Resources */ = {
			isa = PBXGroup;
			children = (
				704A37B753E211D54854D2DD /* Info.plist */,
			);
			name = Resources;
			path = Resources;
			sourceTree = "<group>";
		};
		A000000000000000000C0000 /* DesignSystem */ = {
			isa = PBXGroup;
			children = (
				A001000000000000000C0102 /* TeadsColors.swift */,
				A002000000000000000C0202 /* TeadsBrandNavigationBar.swift */,
				A003000000000000000C0302 /* RootCatalogComponents.swift */,
				A103000000000000000C0002 /* CustomPIDAlert.swift */,
				6663E960DEB1F48D2040E66D /* TeadsLogoView.swift */,
			);
			name = DesignSystem;
			path = DesignSystem;
			sourceTree = "<group>";
		};
		A300000000000000000A0000 /* ViewModels */ = {
			isa = PBXGroup;
			children = (
				A102000000000000000C0002 /* CatalogViewModel.swift */,
			);
			name = ViewModels;
			path = ViewModels;
			sourceTree = "<group>";
		};
		A301000000000000000A0000 /* Mediation */ = {
			isa = PBXGroup;
			children = (
				A112000000000000000C0002 /* AdMobBannerHost.swift */,
				A113000000000000000C0002 /* SASBannerHost.swift */,
				A114000000000000000C0002 /* AppLovinBannerHost.swift */,
			);
			name = Mediation;
			path = Mediation;
			sourceTree = "<group>";
		};
		A302000000000000000A0000 /* Native */ = {
			isa = PBXGroup;
			children = (
				A115000000000000000C0002 /* TeadsNativeAdHost.swift */,
				A308000000000000000A0000 /* Direct */,
				A309000000000000000A0000 /* Admob */,
				A310000000000000000A0000 /* AppLovin */,
				A311000000000000000A0000 /* SAS */,
			);
			name = Native;
			path = Native;
			sourceTree = "<group>";
		};
		A303000000000000000A0000 /* Interstitial */ = {
			isa = PBXGroup;
			children = (
				A122000000000000000C0002 /* InterstitialAdmobSample.swift */,
				39E1698144F51C16F64ADB60 /* InterstitialDirectSample.swift */,
			);
			name = Interstitial;
			path = Interstitial;
			sourceTree = "<group>";
		};
		A304000000000000000A0000 /* Showcase */ = {
			isa = PBXGroup;
			children = (
				A123000000000000000C0002 /* MediaFeedShowcaseSample.swift */,
			);
			name = Showcase;
			path = Showcase;
			sourceTree = "<group>";
		};
		A305000000000000000A0000 /* Admob */ = {
			isa = PBXGroup;
			children = (
				A106000000000000000C0002 /* InReadAdmobScrollViewSample.swift */,
				A107000000000000000C0002 /* InReadAdmobTableViewSample.swift */,
				A108000000000000000C0002 /* InReadAdmobWebViewSample.swift */,
			);
			name = Admob;
			path = Admob;
			sourceTree = "<group>";
		};
		A306000000000000000A0000 /* AppLovin */ = {
			isa = PBXGroup;
			children = (
				A109000000000000000C0002 /* InReadAppLovinScrollViewSample.swift */,
			);
			name = AppLovin;
			path = AppLovin;
			sourceTree = "<group>";
		};
		A307000000000000000A0000 /* SAS */ = {
			isa = PBXGroup;
			children = (
				A110000000000000000C0002 /* InReadSASScrollViewSample.swift */,
				A111000000000000000C0002 /* InReadSASTableViewSample.swift */,
			);
			name = SAS;
			path = SAS;
			sourceTree = "<group>";
		};
		A308000000000000000A0000 /* Direct */ = {
			isa = PBXGroup;
			children = (
				A116000000000000000C0002 /* NativeDirectTableViewSample.swift */,
				A117000000000000000C0002 /* NativeDirectCollectionViewSample.swift */,
				A118000000000000000C0002 /* NativeDirectTagTableViewSample.swift */,
			);
			name = Direct;
			path = Direct;
			sourceTree = "<group>";
		};
		A309000000000000000A0000 /* Admob */ = {
			isa = PBXGroup;
			children = (
				A119000000000000000C0002 /* NativeAdmobTableViewSample.swift */,
			);
			name = Admob;
			path = Admob;
			sourceTree = "<group>";
		};
		A310000000000000000A0000 /* AppLovin */ = {
			isa = PBXGroup;
			children = (
				A120000000000000000C0002 /* NativeAppLovinTableViewSample.swift */,
			);
			name = AppLovin;
			path = AppLovin;
			sourceTree = "<group>";
		};
		A311000000000000000A0000 /* SAS */ = {
			isa = PBXGroup;
			children = (
				A121000000000000000C0002 /* NativeSASTableViewSample.swift */,
			);
			name = SAS;
			path = SAS;
			sourceTree = "<group>";
		};
		ACD87A98A76D2784F4B45B5F /* TeadsSwiftUISampleApp */ = {
			isa = PBXGroup;
			children = (
				A000000000000000000C0000 /* DesignSystem */,
				3033C8088DF79451F9064A66 /* Helpers */,
				0BD1F8DC72B0782F86D3B912 /* Models */,
				A300000000000000000A0000 /* ViewModels */,
				877FEE5D96BA28F5FD9D3BAE /* Resources */,
				257B5012139583F4B6770965 /* RootCatalogView.swift */,
				742C449C8201B4D9C769FCFB /* SDKExtensions */,
				43058B981CD46450A52DE052 /* Samples */,
				41BB1B9959EB98BD44A9FEA6 /* TeadsSwiftUISampleAppApp.swift */,
				696A3545A3DEB03ED6AFA944 /* Assets.xcassets */,
			);
			name = TeadsSwiftUISampleApp;
			path = TeadsSwiftUISampleApp;
			sourceTree = "<group>";
		};
		BA743DB851D93010CC3E472B /* Direct */ = {
			isa = PBXGroup;
			children = (
				5E7915DA1D4B173687C0EB9A /* RecommendationsDirectScrollViewSample.swift */,
				38929292F1BCDEE814D6DEF2 /* RecommendationsDirectTableViewSample.swift */,
			);
			name = Direct;
			path = Direct;
			sourceTree = "<group>";
		};
		D169BB4363840EBEE33DEA54 /* Shared */ = {
			isa = PBXGroup;
			children = (
				7264BE3BC917DCF8F6CED523 /* TeadsWebViewHelper.swift */,
				1D50EB58B6BCD4B51DD4B9E2 /* bootstrap.js */,
			);
			name = Shared;
			path = TeadsSampleApp/WebViewHelper;
			sourceTree = "<group>";
		};
		D7823D596D177D59DC754A88 /* iOS */ = {
			isa = PBXGroup;
			children = (
				F43B1F28453F68D6A64A48C3 /* Foundation.framework */,
			);
			name = iOS;
			sourceTree = "<group>";
		};
		D9342FA8BB6F7B6BCE08631E /* Direct */ = {
			isa = PBXGroup;
			children = (
				409E9B6E68FB19A5F7EC8BE6 /* FeedDirectScrollViewSample.swift */,
				FD8F86DA2973C705208CA8CB /* FeedDirectTableViewSample.swift */,
			);
			name = Direct;
			path = Direct;
			sourceTree = "<group>";
		};
		DCCB3367A7BDADA499E558C6 /* Banner */ = {
			isa = PBXGroup;
			children = (
				FCAC82F3D0AC1592549C6993 /* Direct */,
				6B49895A33D2868AE5072E6E /* Admob */,
				5698A18F3729EBEDF4DBBA7E /* AnchoredBanner.swift */,
			);
			name = Banner;
			path = Banner;
			sourceTree = "<group>";
		};
		EB358D7E54E17D5AF06EE80A /* InRead */ = {
			isa = PBXGroup;
			children = (
				A105000000000000000C0002 /* WebViewArticleHTML.swift */,
				25EC1E7353E6C62F7145CE57 /* Direct */,
				A305000000000000000A0000 /* Admob */,
				A306000000000000000A0000 /* AppLovin */,
				A307000000000000000A0000 /* SAS */,
			);
			name = InRead;
			path = InRead;
			sourceTree = "<group>";
		};
		EE62296142E2C4383DA164B9 /* Frameworks */ = {
			isa = PBXGroup;
			children = (
				D7823D596D177D59DC754A88 /* iOS */,
			);
			name = Frameworks;
			sourceTree = "<group>";
		};
		F8F2707578D86749CDB76099 /* Recommendations */ = {
			isa = PBXGroup;
			children = (
				BA743DB851D93010CC3E472B /* Direct */,
			);
			name = Recommendations;
			path = Recommendations;
			sourceTree = "<group>";
		};
		FCAC82F3D0AC1592549C6993 /* Direct */ = {
			isa = PBXGroup;
			children = (
				C9EB34A83A4187FB7D56864E /* BannerDirectScrollViewSample.swift */,
				CC115A80205223FC892780B8 /* BannerDirectTableViewSample.swift */,
			);
			name = Direct;
			path = Direct;
			sourceTree = "<group>";
		};
/* End PBXGroup section */

/* Begin PBXNativeTarget section */
		10DAC488A528E9B10774F344 /* TeadsSwiftUISampleApp */ = {
			isa = PBXNativeTarget;
			buildConfigurationList = 6655459E70D78E764DFECAD1 /* Build configuration list for PBXNativeTarget "TeadsSwiftUISampleApp" */;
			buildPhases = (
				6A69AAA99325AA74591ED83B /* Sources */,
				87656325C1519F036D5A84F3 /* Frameworks */,
				6AD323E8145D3B54B71B0B4A /* Resources */,
			);
			buildRules = (
			);
			dependencies = (
			);
			name = TeadsSwiftUISampleApp;
			packageProductDependencies = (
				189F5D308951BF275556268B /* GoogleMobileAds */,
				8A342C68BF8AEA2E71A31278 /* AppLovinSDK */,
				2F7609CBF45945B9BA3FAC0A /* SASDisplayKit */,
				BCE8D13A90B4B5803A8EFDA2 /* TeadsSDK */,
				4939EE9E6048261D29146443 /* TeadsAdMobAdapter */,
				A8E05D10503955D273C19395 /* TeadsAppLovinAdapter */,
				52922596A6FDF546A2B8B910 /* TeadsSASAdapter */,
			);
			productName = TeadsSwiftUISampleApp;
			productReference = B8D85E4ACC538E3D5F543737 /* TeadsSwiftUISampleApp.app */;
			productType = "com.apple.product-type.application";
		};
/* End PBXNativeTarget section */

/* Begin PBXProject section */
		9ABF2AD7E00336B9EF40978C /* Project object */ = {
			isa = PBXProject;
			attributes = {
				LastSwiftUpdateCheck = 1600;
				LastUpgradeCheck = 1600;
			};
			buildConfigurationList = CD98E5FAB756E7EF1429550E /* Build configuration list for PBXProject "TeadsSwiftUISampleApp" */;
			compatibilityVersion = "Xcode 3.2";
			developmentRegion = en;
			hasScannedForEncodings = 0;
			knownRegions = (
				en,
				Base,
			);
			mainGroup = 84F77FB762E7B4A844BFA16E;
			minimizedProjectReferenceProxies = 0;
			packageReferences = (
				C4CA6212012C961027E59A24 /* XCRemoteSwiftPackageReference "swift-package-manager-google-mobile-ads" */,
				4FB339819437690DEF8F9939 /* XCRemoteSwiftPackageReference "AppLovin-MAX-Swift-Package" */,
				272856BB75D34FEBA71872B4 /* XCRemoteSwiftPackageReference "swift-package-manager-display-sdk" */,
				E9524B6DAA357E1F6F411EDA /* XCLocalSwiftPackageReference "TeadsSampleAppDependencies" */,
			);
			preferredProjectObjectVersion = 77;
			productRefGroup = 0EBDA7FA9D589D63E0948CE5 /* Products */;
			projectDirPath = "";
			projectRoot = "";
			targets = (
				10DAC488A528E9B10774F344 /* TeadsSwiftUISampleApp */,
			);
		};
/* End PBXProject section */

/* Begin PBXResourcesBuildPhase section */
		6AD323E8145D3B54B71B0B4A /* Resources */ = {
			isa = PBXResourcesBuildPhase;
			buildActionMask = 2147483647;
			files = (
				C984A82F8E25C524A417E77D /* Assets.xcassets in Resources */,
				283C867C8B044B8593258EF5 /* bootstrap.js in Resources */,
			);
			runOnlyForDeploymentPostprocessing = 0;
		};
/* End PBXResourcesBuildPhase section */

/* Begin PBXSourcesBuildPhase section */
		6A69AAA99325AA74591ED83B /* Sources */ = {
			isa = PBXSourcesBuildPhase;
			buildActionMask = 2147483647;
			files = (
				A001000000000000000C0101 /* TeadsColors.swift in Sources */,
				A002000000000000000C0201 /* TeadsBrandNavigationBar.swift in Sources */,
				A003000000000000000C0301 /* RootCatalogComponents.swift in Sources */,
				A103000000000000000C0001 /* CustomPIDAlert.swift in Sources */,
				B000AB508FCAE03C9A397C0F /* ArticleViews.swift in Sources */,
				6479D2366538E9DF9900B08F /* ArticleContent.swift in Sources */,
				BBEF5F60A5F6BF23C724BFCE /* SamplePID.swift in Sources */,
				A101000000000000000C0001 /* CatalogModels.swift in Sources */,
				A102000000000000000C0001 /* CatalogViewModel.swift in Sources */,
				2A395D2D812472A0797CA593 /* RootCatalogView.swift in Sources */,
				2465E61D424E3E76FEF5C062 /* TeadsSwiftUITypeAliases.swift in Sources */,
				A104000000000000000C0001 /* SampleDestinationFactory.swift in Sources */,
				A105000000000000000C0001 /* WebViewArticleHTML.swift in Sources */,
				A4DA04C2E2C8F0671656D661 /* InReadDirectLazyVGridSample.swift in Sources */,
				61730BA1A3AC6D60EA41A214 /* InReadDirectListSample.swift in Sources */,
				A7EF5F832B6250777814F344 /* InReadDirectPagedTabViewSample.swift in Sources */,
				6B47B14F007D0B400C0450EB /* InReadDirectScrollViewSample.swift in Sources */,
				284D5C07967CFA8D9F9F0278 /* InReadDirectWebViewSample.swift in Sources */,
				A106000000000000000C0001 /* InReadAdmobScrollViewSample.swift in Sources */,
				A107000000000000000C0001 /* InReadAdmobTableViewSample.swift in Sources */,
				A108000000000000000C0001 /* InReadAdmobWebViewSample.swift in Sources */,
				A109000000000000000C0001 /* InReadAppLovinScrollViewSample.swift in Sources */,
				A110000000000000000C0001 /* InReadSASScrollViewSample.swift in Sources */,
				A111000000000000000C0001 /* InReadSASTableViewSample.swift in Sources */,
				A112000000000000000C0001 /* AdMobBannerHost.swift in Sources */,
				A113000000000000000C0001 /* SASBannerHost.swift in Sources */,
				A114000000000000000C0001 /* AppLovinBannerHost.swift in Sources */,
				A115000000000000000C0001 /* TeadsNativeAdHost.swift in Sources */,
				A116000000000000000C0001 /* NativeDirectTableViewSample.swift in Sources */,
				A117000000000000000C0001 /* NativeDirectCollectionViewSample.swift in Sources */,
				A118000000000000000C0001 /* NativeDirectTagTableViewSample.swift in Sources */,
				A119000000000000000C0001 /* NativeAdmobTableViewSample.swift in Sources */,
				A120000000000000000C0001 /* NativeAppLovinTableViewSample.swift in Sources */,
				A121000000000000000C0001 /* NativeSASTableViewSample.swift in Sources */,
				A122000000000000000C0001 /* InterstitialAdmobSample.swift in Sources */,
				A123000000000000000C0001 /* MediaFeedShowcaseSample.swift in Sources */,
				7853099CAB30260E480347DB /* TeadsSwiftUISampleAppApp.swift in Sources */,
				635A443BB4F8482A12A9FA36 /* TeadsWebViewHelper.swift in Sources */,
				BA9FFBF44521B42199C83747 /* TeadsRecommendationsView.swift in Sources */,
				4F9A3BFCBE173265218325CC /* FeedDirectScrollViewSample.swift in Sources */,
				AA42909AA29AA9196225F452 /* FeedDirectTableViewSample.swift in Sources */,
				8A2F8D345069B3A9A0818231 /* RecommendationsDirectScrollViewSample.swift in Sources */,
				DC71C0B406F8F000320182FB /* RecommendationsDirectTableViewSample.swift in Sources */,
				CB9C012771A37E51CA3B5283 /* BannerDirectScrollViewSample.swift in Sources */,
				86CE468D18FD97C8311D9B51 /* BannerDirectTableViewSample.swift in Sources */,
				98BB5A7A00D5CE50342D0AFC /* BannerAdmobScrollViewSample.swift in Sources */,
				62DC8EF7727F29700E4DFD5D /* BannerAdmobTableViewSample.swift in Sources */,
				B711D9B1D67B411C2B91339F /* InterstitialDirectSample.swift in Sources */,
				14864F0AF1A358E3AA7EAA88 /* TeadsLogoView.swift in Sources */,
				C6D7CC022ED3DB4F3CF4074D /* AnchoredBanner.swift in Sources */,
			);
			runOnlyForDeploymentPostprocessing = 0;
		};
/* End PBXSourcesBuildPhase section */

/* Begin XCBuildConfiguration section */
		07F9F7CC108D1216A6E40223 /* Debug */ = {
			isa = XCBuildConfiguration;
			buildSettings = {
				ALWAYS_SEARCH_USER_PATHS = NO;
				CLANG_ANALYZER_NONNULL = YES;
				CLANG_ANALYZER_NUMBER_OBJECT_CONVERSION = YES_AGGRESSIVE;
				CLANG_CXX_LANGUAGE_STANDARD = "gnu++14";
				CLANG_CXX_LIBRARY = "libc++";
				CLANG_ENABLE_MODULES = YES;
				CLANG_ENABLE_OBJC_ARC = YES;
				CLANG_ENABLE_OBJC_WEAK = YES;
				CLANG_WARN_BLOCK_CAPTURE_AUTORELEASING = YES;
				CLANG_WARN_BOOL_CONVERSION = YES;
				CLANG_WARN_COMMA = YES;
				CLANG_WARN_CONSTANT_CONVERSION = YES;
				CLANG_WARN_DEPRECATED_OBJC_IMPLEMENTATIONS = YES;
				CLANG_WARN_DIRECT_OBJC_ISA_USAGE = YES_ERROR;
				CLANG_WARN_DOCUMENTATION_COMMENTS = YES;
				CLANG_WARN_EMPTY_BODY = YES;
				CLANG_WARN_ENUM_CONVERSION = YES;
				CLANG_WARN_INFINITE_RECURSION = YES;
				CLANG_WARN_INT_CONVERSION = YES;
				CLANG_WARN_NON_LITERAL_NULL_CONVERSION = YES;
				CLANG_WARN_OBJC_IMPLICIT_RETAIN_SELF = YES;
				CLANG_WARN_OBJC_LITERAL_CONVERSION = YES;
				CLANG_WARN_OBJC_ROOT_CLASS = YES_ERROR;
				CLANG_WARN_QUOTED_INCLUDE_IN_FRAMEWORK_HEADER = YES;
				CLANG_WARN_RANGE_LOOP_ANALYSIS = YES;
				CLANG_WARN_STRICT_PROTOTYPES = YES;
				CLANG_WARN_SUSPICIOUS_MOVE = YES;
				CLANG_WARN_UNGUARDED_AVAILABILITY = YES_AGGRESSIVE;
				CLANG_WARN_UNREACHABLE_CODE = YES;
				CLANG_WARN__DUPLICATE_METHOD_MATCH = YES;
				COPY_PHASE_STRIP = NO;
				DEBUG_INFORMATION_FORMAT = dwarf;
				ENABLE_STRICT_OBJC_MSGSEND = YES;
				ENABLE_TESTABILITY = YES;
				GCC_C_LANGUAGE_STANDARD = gnu11;
				GCC_DYNAMIC_NO_PIC = NO;
				GCC_NO_COMMON_BLOCKS = YES;
				GCC_OPTIMIZATION_LEVEL = 0;
				GCC_PREPROCESSOR_DEFINITIONS = (
					"DEBUG=1",
					"$(inherited)",
				);
				GCC_WARN_64_TO_32_BIT_CONVERSION = YES;
				GCC_WARN_ABOUT_RETURN_TYPE = YES_ERROR;
				GCC_WARN_UNDECLARED_SELECTOR = YES;
				GCC_WARN_UNINITIALIZED_AUTOS = YES_AGGRESSIVE;
				GCC_WARN_UNUSED_FUNCTION = YES;
				GCC_WARN_UNUSED_VARIABLE = YES;
				MTL_ENABLE_DEBUG_INFO = INCLUDE_SOURCE;
				MTL_FAST_MATH = YES;
				ONLY_ACTIVE_ARCH = YES;
				PRODUCT_NAME = "$(TARGET_NAME)";
				SWIFT_ACTIVE_COMPILATION_CONDITIONS = DEBUG;
				SWIFT_OPTIMIZATION_LEVEL = "-Onone";
				SWIFT_VERSION = 5.0;
			};
			name = Debug;
		};
		522146FE90A5A301E35DB0C6 /* Debug */ = {
			isa = XCBuildConfiguration;
			buildSettings = {
				ASSETCATALOG_COMPILER_APPICON_NAME = AppIcon;
				ASSETCATALOG_COMPILER_GLOBAL_ACCENT_COLOR_NAME = AccentColor;
				CLANG_ENABLE_OBJC_WEAK = NO;
				CODE_SIGN_STYLE = Automatic;
				CURRENT_PROJECT_VERSION = 1;
				ENABLE_PREVIEWS = YES;
				GENERATE_INFOPLIST_FILE = NO;
				INFOPLIST_FILE = TeadsSwiftUISampleApp/Resources/Info.plist;
				IPHONEOS_DEPLOYMENT_TARGET = 16.0;
				LD_RUNPATH_SEARCH_PATHS = "$(inherited) @executable_path/Frameworks";
				MARKETING_VERSION = 1.0;
				PRODUCT_BUNDLE_IDENTIFIER = Teads.TeadsSwiftUISampleApp;
				PRODUCT_NAME = "$(TARGET_NAME)";
				SDKROOT = iphoneos;
				SWIFT_EMIT_LOC_STRINGS = YES;
				SWIFT_VERSION = 5.0;
				TARGETED_DEVICE_FAMILY = "1,2";
			};
			name = Debug;
		};
		53F570B8B5728F44ED2D7C0E /* Release */ = {
			isa = XCBuildConfiguration;
			buildSettings = {
				ASSETCATALOG_COMPILER_APPICON_NAME = AppIcon;
				ASSETCATALOG_COMPILER_GLOBAL_ACCENT_COLOR_NAME = AccentColor;
				CLANG_ENABLE_OBJC_WEAK = NO;
				CODE_SIGN_STYLE = Automatic;
				CURRENT_PROJECT_VERSION = 1;
				ENABLE_PREVIEWS = YES;
				GENERATE_INFOPLIST_FILE = NO;
				INFOPLIST_FILE = TeadsSwiftUISampleApp/Resources/Info.plist;
				IPHONEOS_DEPLOYMENT_TARGET = 16.0;
				LD_RUNPATH_SEARCH_PATHS = "$(inherited) @executable_path/Frameworks";
				MARKETING_VERSION = 1.0;
				PRODUCT_BUNDLE_IDENTIFIER = Teads.TeadsSwiftUISampleApp;
				PRODUCT_NAME = "$(TARGET_NAME)";
				SDKROOT = iphoneos;
				SWIFT_EMIT_LOC_STRINGS = YES;
				SWIFT_VERSION = 5.0;
				TARGETED_DEVICE_FAMILY = "1,2";
				VALIDATE_PRODUCT = YES;
			};
			name = Release;
		};
		E823A8D69FC8341C52578AEE /* Release */ = {
			isa = XCBuildConfiguration;
			buildSettings = {
				ALWAYS_SEARCH_USER_PATHS = NO;
				CLANG_ANALYZER_NONNULL = YES;
				CLANG_ANALYZER_NUMBER_OBJECT_CONVERSION = YES_AGGRESSIVE;
				CLANG_CXX_LANGUAGE_STANDARD = "gnu++14";
				CLANG_CXX_LIBRARY = "libc++";
				CLANG_ENABLE_MODULES = YES;
				CLANG_ENABLE_OBJC_ARC = YES;
				CLANG_ENABLE_OBJC_WEAK = YES;
				CLANG_WARN_BLOCK_CAPTURE_AUTORELEASING = YES;
				CLANG_WARN_BOOL_CONVERSION = YES;
				CLANG_WARN_COMMA = YES;
				CLANG_WARN_CONSTANT_CONVERSION = YES;
				CLANG_WARN_DEPRECATED_OBJC_IMPLEMENTATIONS = YES;
				CLANG_WARN_DIRECT_OBJC_ISA_USAGE = YES_ERROR;
				CLANG_WARN_DOCUMENTATION_COMMENTS = YES;
				CLANG_WARN_EMPTY_BODY = YES;
				CLANG_WARN_ENUM_CONVERSION = YES;
				CLANG_WARN_INFINITE_RECURSION = YES;
				CLANG_WARN_INT_CONVERSION = YES;
				CLANG_WARN_NON_LITERAL_NULL_CONVERSION = YES;
				CLANG_WARN_OBJC_IMPLICIT_RETAIN_SELF = YES;
				CLANG_WARN_OBJC_LITERAL_CONVERSION = YES;
				CLANG_WARN_OBJC_ROOT_CLASS = YES_ERROR;
				CLANG_WARN_QUOTED_INCLUDE_IN_FRAMEWORK_HEADER = YES;
				CLANG_WARN_RANGE_LOOP_ANALYSIS = YES;
				CLANG_WARN_STRICT_PROTOTYPES = YES;
				CLANG_WARN_SUSPICIOUS_MOVE = YES;
				CLANG_WARN_UNGUARDED_AVAILABILITY = YES_AGGRESSIVE;
				CLANG_WARN_UNREACHABLE_CODE = YES;
				CLANG_WARN__DUPLICATE_METHOD_MATCH = YES;
				COPY_PHASE_STRIP = NO;
				DEBUG_INFORMATION_FORMAT = "dwarf-with-dsym";
				ENABLE_NS_ASSERTIONS = NO;
				ENABLE_STRICT_OBJC_MSGSEND = YES;
				GCC_C_LANGUAGE_STANDARD = gnu11;
				GCC_NO_COMMON_BLOCKS = YES;
				GCC_WARN_64_TO_32_BIT_CONVERSION = YES;
				GCC_WARN_ABOUT_RETURN_TYPE = YES_ERROR;
				GCC_WARN_UNDECLARED_SELECTOR = YES;
				GCC_WARN_UNINITIALIZED_AUTOS = YES_AGGRESSIVE;
				GCC_WARN_UNUSED_FUNCTION = YES;
				GCC_WARN_UNUSED_VARIABLE = YES;
				MTL_ENABLE_DEBUG_INFO = NO;
				MTL_FAST_MATH = YES;
				PRODUCT_NAME = "$(TARGET_NAME)";
				SWIFT_COMPILATION_MODE = wholemodule;
				SWIFT_OPTIMIZATION_LEVEL = "-O";
				SWIFT_VERSION = 5.0;
			};
			name = Release;
		};
/* End XCBuildConfiguration section */

/* Begin XCConfigurationList section */
		6655459E70D78E764DFECAD1 /* Build configuration list for PBXNativeTarget "TeadsSwiftUISampleApp" */ = {
			isa = XCConfigurationList;
			buildConfigurations = (
				53F570B8B5728F44ED2D7C0E /* Release */,
				522146FE90A5A301E35DB0C6 /* Debug */,
			);
			defaultConfigurationIsVisible = 0;
			defaultConfigurationName = Release;
		};
		CD98E5FAB756E7EF1429550E /* Build configuration list for PBXProject "TeadsSwiftUISampleApp" */ = {
			isa = XCConfigurationList;
			buildConfigurations = (
				07F9F7CC108D1216A6E40223 /* Debug */,
				E823A8D69FC8341C52578AEE /* Release */,
			);
			defaultConfigurationIsVisible = 0;
			defaultConfigurationName = Release;
		};
/* End XCConfigurationList section */

/* Begin XCLocalSwiftPackageReference section */
		E9524B6DAA357E1F6F411EDA /* XCLocalSwiftPackageReference "TeadsSampleAppDependencies" */ = {
			isa = XCLocalSwiftPackageReference;
			relativePath = SampleApps/TeadsSampleAppDependencies;
		};
/* End XCLocalSwiftPackageReference section */

/* Begin XCRemoteSwiftPackageReference section */
		272856BB75D34FEBA71872B4 /* XCRemoteSwiftPackageReference "swift-package-manager-display-sdk" */ = {
			isa = XCRemoteSwiftPackageReference;
			repositoryURL = "https://github.com/smartadserver/swift-package-manager-display-sdk.git";
			requirement = {
				kind = versionRange;
				maximumVersion = 8.0.0;
				minimumVersion = 7.24.2;
			};
		};
		4FB339819437690DEF8F9939 /* XCRemoteSwiftPackageReference "AppLovin-MAX-Swift-Package" */ = {
			isa = XCRemoteSwiftPackageReference;
			repositoryURL = "https://github.com/AppLovin/AppLovin-MAX-Swift-Package.git";
			requirement = {
				kind = upToNextMajorVersion;
				minimumVersion = 13.4.0;
			};
		};
		C4CA6212012C961027E59A24 /* XCRemoteSwiftPackageReference "swift-package-manager-google-mobile-ads" */ = {
			isa = XCRemoteSwiftPackageReference;
			repositoryURL = "https://github.com/googleads/swift-package-manager-google-mobile-ads.git";
			requirement = {
				kind = versionRange;
				maximumVersion = 13.0.0;
				minimumVersion = 12.12.0;
			};
		};
/* End XCRemoteSwiftPackageReference section */

/* Begin XCSwiftPackageProductDependency section */
		189F5D308951BF275556268B /* GoogleMobileAds */ = {
			isa = XCSwiftPackageProductDependency;
			package = C4CA6212012C961027E59A24 /* XCRemoteSwiftPackageReference "swift-package-manager-google-mobile-ads" */;
			productName = GoogleMobileAds;
		};
		2F7609CBF45945B9BA3FAC0A /* SASDisplayKit */ = {
			isa = XCSwiftPackageProductDependency;
			package = 272856BB75D34FEBA71872B4 /* XCRemoteSwiftPackageReference "swift-package-manager-display-sdk" */;
			productName = SASDisplayKit;
		};
		4939EE9E6048261D29146443 /* TeadsAdMobAdapter */ = {
			isa = XCSwiftPackageProductDependency;
			productName = TeadsAdMobAdapter;
		};
		52922596A6FDF546A2B8B910 /* TeadsSASAdapter */ = {
			isa = XCSwiftPackageProductDependency;
			productName = TeadsSASAdapter;
		};
		8A342C68BF8AEA2E71A31278 /* AppLovinSDK */ = {
			isa = XCSwiftPackageProductDependency;
			package = 4FB339819437690DEF8F9939 /* XCRemoteSwiftPackageReference "AppLovin-MAX-Swift-Package" */;
			productName = AppLovinSDK;
		};
		A8E05D10503955D273C19395 /* TeadsAppLovinAdapter */ = {
			isa = XCSwiftPackageProductDependency;
			productName = TeadsAppLovinAdapter;
		};
		BCE8D13A90B4B5803A8EFDA2 /* TeadsSDK */ = {
			isa = XCSwiftPackageProductDependency;
			productName = TeadsSDK;
		};
/* End XCSwiftPackageProductDependency section */
	};
	rootObject = 9ABF2AD7E00336B9EF40978C /* Project object */;
}
